PODS:
  - AIRTimer (1.0.2)
  - AsyncDisplayKit (1.9.7.2):
    - AsyncDisplayKit/PINRemoteImage (= 1.9.7.2)
  - AsyncDisplayKit/ASDealloc2MainObject (1.9.7.2)
  - AsyncDisplayKit/PINRemoteImage (1.9.7.2):
    - AsyncDisplayKit/ASDealloc2MainObject
    - PINRemoteImage/iOS (>= 2.1.2)
  - AWSAPIGateway (2.3.6):
    - AWSCore (= 2.3.6)
  - AWSCognito (2.3.6):
    - AWSCore (= 2.3.6)
  - AWSCore (2.3.6)
  - BEMCheckBox (1.2.0)
  - Bolts (1.7.0):
    - Bolts/AppLinks (= 1.7.0)
    - Bolts/Tasks (= 1.7.0)
  - Bolts/AppLinks (1.7.0):
    - Bolts/Tasks
  - Bolts/Tasks (1.7.0)
  - Dwifft (0.3.1)
  - Fabric (1.6.7)
  - FBSDKCoreKit (4.10.1):
    - Bolts (~> 1.5)
  - FBSDKLoginKit (4.10.1):
    - FBSDKCoreKit
  - HMSegmentedControl (1.5.2)
  - Material (1.39.7)
  - OpinionzAlertView (0.3.1)
  - PINCache (2.2.2)
  - PINRemoteImage/Core (2.1.2):
    - PINCache (>= 2.1)
  - PINRemoteImage/iOS (2.1.2):
    - PINRemoteImage/Core
  - R.swift (2.0.0):
    - R.swift.Library (~> 2.0.0)
  - R.swift.Library (2.0.0)
  - RateLimit (1.2.1)
  - ReactiveCocoa (4.1.0):
    - ReactiveCocoa/UI (= 4.1.0)
    - Result (~> 2.0)
  - ReactiveCocoa/Core (4.1.0):
    - ReactiveCocoa/no-arc
    - Result (~> 2.0)
  - ReactiveCocoa/no-arc (4.1.0):
    - Result (~> 2.0)
  - ReactiveCocoa/UI (4.1.0):
    - ReactiveCocoa/Core
    - Result (~> 2.0)
  - Realm (0.98.8):
    - Realm/Headers (= 0.98.8)
  - Realm/Headers (0.98.8)
  - RealmSwift (0.98.8):
    - Realm (= 0.98.8)
  - Result (2.0.0)
  - SDWebImage (3.7.5):
    - SDWebImage/Core (= 3.7.5)
  - SDWebImage/Core (3.7.5)
  - SMSegmentView (1.1)
  - SVProgressHUD (2.0.3)
  - SwiftyJSON (2.3.2)
  - Timepiece (0.4.2)
  - TwitterCore (2.0.2):
    - Fabric
  - TwitterKit (2.0.2):
    - TwitterCore (= 2.0.2)
  - UAObfuscatedString (0.3.2)
  - WebASDKImageManager (1.1.0):
    - AsyncDisplayKit (~> 1.9)
    - SDWebImage/Core (~> 3.7)
  - YLProgressBar (3.8.0)

DEPENDENCIES:
  - AIRTimer (~> 1.0.2)
  - AsyncDisplayKit (~> 1.9.7.1)
  - AWSAPIGateway (~> 2.3.6)
  - AWSCognito (~> 2.3.6)
  - BEMCheckBox (~> 1.2)
  - Dwifft (~> 0.3)
  - Fabric (~> 1.6.7)
  - FBSDKCoreKit (~> 4.10.1)
  - FBSDKLoginKit (~> 4.10.1)
  - HMSegmentedControl (~> 1.5)
  - Material (~> 1.39.5)
  - OpinionzAlertView (~> 0.3.1)
  - R.swift (~> 2.0.0)
  - RateLimit (~> 1.2)
  - ReactiveCocoa (~> 4.1)
  - RealmSwift (~> 0.98.8)
  - SDWebImage (~> 3.7)
  - SMSegmentView (~> 1.1)
  - SVProgressHUD (~> 2.0.3)
  - SwiftyJSON (~> 2.3.2)
  - Timepiece (~> 0.4)
  - TwitterCore (~> 2.0.2)
  - TwitterKit (~> 2.0.2)
  - UAObfuscatedString (= 0.3.2)
  - WebASDKImageManager (~> 1.0)
  - YLProgressBar (~> 3.8)

SPEC CHECKSUMS:
  AIRTimer: a86656e89a2635262c3a91755f69edb5a08ecf59
  AsyncDisplayKit: 1701c47761a3e274b82cc0c77e6294cfa69612f6
  AWSAPIGateway: 090586a9c5224c5f72bd441cc5146642be494101
  AWSCognito: af54fe65171c7c994c134e5d29b1ee60ee234825
  AWSCore: 917d84b32974136194a905b98c0ae25c9f3350b8
  BEMCheckBox: fcfbbf42cf23d38fbb605c72f63db9ae82d6acd3
  Bolts: a0058fa3b331c5a1e4402d534f2dae36dbff31e4
  Dwifft: b7eaeaaf4ac14a2e77b0c661cd1b5524c58fa891
  Fabric: caf7580c725e64db144f610ac65cd60956911dc7
  FBSDKCoreKit: d2aaed5e9ab7d8d6301c533376a1fbff1cf3deb5
  FBSDKLoginKit: 699ff169080e3072de4b9b0faca90bf23dc36deb
  HMSegmentedControl: 83b9686022d2176fb6457d2bdb61e5d6393fed7d
  Material: 92a94dea4511c86f2e0f4cdb16048182d15b03d5
  OpinionzAlertView: 213cf7fa544091962ebd9526ff2e7e120b13c149
  PINCache: 078426d356ab95ef875e9e62e5c35a2ea3333c28
  PINRemoteImage: 2ce3f1fcc52f0360a3821f91f1a1bc653c5d2338
  R.swift: ceb3d2897a26bb5811e08f531184bbba8e4a7110
  R.swift.Library: 9f4b2d12040daa1ffe336d8f7e1574f73721fd01
  RateLimit: a9f79f45f4387b96e229b4f7ab8972c386570b57
  ReactiveCocoa: d70004d7a366a7b8e87e60ce2347182c77701949
  Realm: 0e293bb62999730599efc3048896bbd4f2e43bcd
  RealmSwift: 064262d38113f23ff3508fb20a0a922e696bec01
  Result: 9e75e1111c774c6ac594e14907b15057053a7959
  SDWebImage: 69c6303e3348fba97e03f65d65d4fbc26740f461
  SMSegmentView: a99862f36ea73478558ae665c209cb80c0d4f059
  SVProgressHUD: b0830714205bea1317ea1a2ebc71e5633af334d4
  SwiftyJSON: 04ccea08915aa0109039157c7974cf0298da292a
  Timepiece: cf53bb908bf542acc0e3d5f69cabfed869df4ebd
  TwitterCore: 0f44d8980a6879d5205dcb4e010d15e643e56fa0
  TwitterKit: c4e40f289a3d7cc9fab9f241edd7502385468b65
  UAObfuscatedString: 128d0df4876ad570ef07c7851e27e094c6e080a9
  WebASDKImageManager: fb20a10f3a286887e807e96ba5d73a2e4d2b3822
  YLProgressBar: b6ec76bea4a1b8d6bdfd2995d828055a7e5f3e9a

COCOAPODS: 0.39.0
