PODS:
  - AIRTimer (1.0.2)
  - AsyncDisplayKit (1.9.4):
    - AsyncDisplayKit/ASDealloc2MainObject (= 1.9.4)
  - AsyncDisplayKit/ASDealloc2MainObject (1.9.4)
  - AWSCognito (2.3.3):
    - AWSCore (= 2.3.3)
  - AWSCore (2.3.3)
  - Bolts (1.4.0):
    - Bolts/AppLinks (= 1.4.0)
    - Bolts/Tasks (= 1.4.0)
  - Bolts/AppLinks (1.4.0):
    - Bolts/Tasks
  - Bolts/Tasks (1.4.0)
  - CategorySliderView (1.0.2)
  - DBProfileViewController (1.0.0):
    - UIImageEffects (~> 0.0.1)
  - DynamicButton (1.2.0)
  - Fabric (1.6.1)
  - FBSDKCoreKit (4.7.1):
    - Bolts (~> 1.1)
    - FBSDKCoreKit/arc (= 4.7.1)
    - FBSDKCoreKit/no-arc (= 4.7.1)
  - FBSDKCoreKit/arc (4.7.1):
    - Bolts (~> 1.1)
  - FBSDKCoreKit/no-arc (4.7.1):
    - Bolts (~> 1.1)
    - FBSDKCoreKit/arc
  - JTMaterialSwitch (1.1)
  - LLSlideMenu (1.0.4)
  - LMGaugeView (1.0.1)
  - Material (1.28.1)
  - ReactiveCocoa (4.0.4-alpha-1):
    - ReactiveCocoa/UI (= 4.0.4-alpha-1)
    - Result (~> 0.6-beta.1)
  - ReactiveCocoa/Core (4.0.4-alpha-1):
    - ReactiveCocoa/no-arc
    - Result (~> 0.6-beta.1)
  - ReactiveCocoa/no-arc (4.0.4-alpha-1):
    - Result (~> 0.6-beta.1)
  - ReactiveCocoa/UI (4.0.4-alpha-1):
    - ReactiveCocoa/Core
    - Result (~> 0.6-beta.1)
  - Realm (0.97.0):
    - Realm/Headers (= 0.97.0)
  - Realm/Headers (0.97.0)
  - RealmSwift (0.97.0):
    - Realm (= 0.97.0)
  - Result (0.6.0-beta.6)
  - SDWebImage/Core (3.7.5)
  - SMSegmentView (1.1)
  - SwiftyJSON (2.3.2)
  - Timepiece (0.4.2)
  - TwitterCore (1.14.6):
    - Fabric
  - TwitterKit (1.14.6):
    - TwitterCore (= 1.14.6)
  - UIImageEffects (0.0.1)
  - WebASDKImageManager (1.0.1):
    - AsyncDisplayKit (~> 1.1)
    - SDWebImage/Core (~> 3.7)
  - YLProgressBar (3.8.0)

DEPENDENCIES:
  - AIRTimer (~> 1.0)
  - AsyncDisplayKit (~> 1.9.4)
  - AWSCognito (~> 2.3.3)
  - CategorySliderView (~> 1.0.2)
  - DBProfileViewController
  - DynamicButton (~> 1.2.0)
  - Fabric (~> 1.6.1)
  - FBSDKCoreKit (~> 4.7.1)
  - JTMaterialSwitch (~> 1.1)
  - LLSlideMenu
  - LMGaugeView
  - Material (~> 1.28)
  - ReactiveCocoa (= 4.0.4-alpha-1)
  - RealmSwift (~> 0.97.0)
  - SMSegmentView (~> 1.1)
  - SwiftyJSON (~> 2.3.2)
  - Timepiece (~> 0.4)
  - TwitterCore (~> 1.14.6)
  - TwitterKit (~> 1.14.6)
  - WebASDKImageManager (~> 1.0)
  - YLProgressBar (~> 3.8)

SPEC CHECKSUMS:
  AIRTimer: a86656e89a2635262c3a91755f69edb5a08ecf59
  AsyncDisplayKit: 0932ff6f78364130a195039ab9a1c2ff63adc665
  AWSCognito: 3c1209a21a7661c079a59e04f5b5dab4f794561c
  AWSCore: b12704516e21ed34cfe7547e07ab945b079d1f56
  Bolts: 0e9bce58b9b9f5e8a7a4d47b16d2fabec289072b
  CategorySliderView: be640cfa918711e1db1183af69495003c7be2be2
  DBProfileViewController: cd3fa10537151bce08257681e1d3c8402ec00339
  DynamicButton: 815e989e2bb77c30b362a653f18bfa1e2dee5654
  Fabric: bf0ceb04e7c924090efc5f8c55e4fbcca189e0a0
  FBSDKCoreKit: 9141b70960a37930850370495fe565f4a27ac141
  JTMaterialSwitch: cad8093c3773ff9f6c60005c98d269eb869b5e04
  LLSlideMenu: e98f45dc04cdbbf19b4e6922b9078dc519292920
  LMGaugeView: e422d0b00f0ffc4e081bddbb2708722ab373f24a
  Material: 5ca840624a279ce4d02c4e1ef3059d1c0190b7f3
  ReactiveCocoa: 618a2fc13d4ed80e380aa6fa56547cef43c7341d
  Realm: b498a6fb9d288b171ff98d0e2d4384c295be8990
  RealmSwift: d014810dec75c9a3f1a33926d2dabfed855c582c
  Result: dc390d0b58f9ec43fcd536f1ebdd130803cc6cbc
  SDWebImage: 69c6303e3348fba97e03f65d65d4fbc26740f461
  SMSegmentView: a99862f36ea73478558ae665c209cb80c0d4f059
  SwiftyJSON: 04ccea08915aa0109039157c7974cf0298da292a
  Timepiece: cf53bb908bf542acc0e3d5f69cabfed869df4ebd
  TwitterCore: 5e9b2d066ceeef53fe611c0c4436cb700f1ed620
  TwitterKit: f67360ee0a5f935f053bf37015652ac157e4eb92
  UIImageEffects: 37b99fa461e4965f332ca82e92f2c22a1075ee84
  WebASDKImageManager: 8e37e97c115c8e9092fc6111218a71ddec7a73d5
  YLProgressBar: b6ec76bea4a1b8d6bdfd2995d828055a7e5f3e9a

COCOAPODS: 0.39.0
