PODS:
  - AsyncDisplayKit (1.2.3):
    - AsyncDisplayKit/ASDealloc2MainObject (= 1.2.3)
  - AsyncDisplayKit/ASDealloc2MainObject (1.2.3)
  - AWSAPIGateway (2.2.1):
    - AWSCore (= 2.2.1)
  - AWSCognito (2.2.1):
    - AWSCore (= 2.2.1)
  - AWSCore (2.2.1)
  - AWSLambda (2.2.1):
    - AWSCore (= 2.2.1)
  - AWSS3 (2.2.1):
    - AWSCore (= 2.2.1)
  - Bolts (1.2.0):
    - Bolts/AppLinks (= 1.2.0)
    - Bolts/Tasks (= 1.2.0)
  - Bolts/AppLinks (1.2.0):
    - Bolts/Tasks
  - Bolts/Tasks (1.2.0)
  - FBSDKCoreKit (4.6.0):
    - Bolts (~> 1.1)
    - FBSDKCoreKit/arc (= 4.6.0)
    - FBSDKCoreKit/no-arc (= 4.6.0)
  - FBSDKCoreKit/arc (4.6.0):
    - Bolts (~> 1.1)
  - FBSDKCoreKit/no-arc (4.6.0):
    - Bolts (~> 1.1)
    - FBSDKCoreKit/arc
  - FBSDKLoginKit (4.6.0):
    - FBSDKCoreKit
  - ReachabilitySwift (2.0)
  - ReactiveCocoa (4.0.2-alpha-1):
    - ReactiveCocoa/UI (= 4.0.2-alpha-1)
    - Result (~> 0.6-beta.1)
  - ReactiveCocoa/Core (4.0.2-alpha-1):
    - ReactiveCocoa/no-arc
    - Result (~> 0.6-beta.1)
  - ReactiveCocoa/no-arc (4.0.2-alpha-1):
    - Result (~> 0.6-beta.1)
  - ReactiveCocoa/UI (4.0.2-alpha-1):
    - ReactiveCocoa/Core
    - Result (~> 0.6-beta.1)
  - Realm (0.96.0):
    - Realm/Headers (= 0.96.0)
  - Realm/Headers (0.96.0)
  - RealmSwift (0.96.0):
    - Realm (= 0.96.0)
  - Result (0.6.0-beta.3)
  - SwiftyJSON (2.3.0)

DEPENDENCIES:
  - AsyncDisplayKit (~> 1.2.3)
  - AWSAPIGateway (~> 2.2)
  - AWSCognito (~> 2.2)
  - AWSCore (~> 2.2)
  - AWSLambda (~> 2.2)
  - AWSS3 (~> 2.2)
  - FBSDKCoreKit (~> 4.6)
  - FBSDKLoginKit (~> 4.6)
  - ReachabilitySwift (from `https://github.com/ashleymills/Reachability.swift`)
  - ReactiveCocoa (= 4.0.2-alpha-1)
  - RealmSwift (~> 0.96)
  - SwiftyJSON (~> 2.3)

EXTERNAL SOURCES:
  ReachabilitySwift:
    :git: https://github.com/ashleymills/Reachability.swift

CHECKOUT OPTIONS:
  ReachabilitySwift:
    :commit: 8a2c1cbb739c55d39c479797337c5b05e5773b6b
    :git: https://github.com/ashleymills/Reachability.swift

SPEC CHECKSUMS:
  AsyncDisplayKit: 5c8f38225f7478e39c48196cec0dd0d2ac3455ed
  AWSAPIGateway: d0b1194a788d93d48caae840c7d496c38fa7775b
  AWSCognito: 840a78da67d095aed4f197065c0ce5c84991cd11
  AWSCore: 55eb0d5e85bc1c7a05637957a05a7328be0b06dc
  AWSLambda: aec56e621b22f32373734b989eaa12cdccd484eb
  AWSS3: 665de364b4a7bfb573660b01a88dc1f71bf5c13d
  Bolts: d176cb1e0012175589e389a9db49b85e27787576
  FBSDKCoreKit: 9954492d90c5fd65ae831395697a1660360d61f1
  FBSDKLoginKit: 3d07febbfa884b9878cacba54f705bb41f07d4b6
  ReachabilitySwift: 227b98ae7ec99e1c01148b17fb22357aa91a5675
  ReactiveCocoa: 652cf90e5de65708e7e2111f77405756da21aabe
  Realm: d1b1eff5264cd6a3158b7a9b6c499d7f6ad3a860
  RealmSwift: 40246e6f57a4e863bfdfc1ca1d7b967f0df607e2
  Result: b80bca7becdda9a2e44c4fd65b4b4a7b5db4cf9a
  SwiftyJSON: 8d6b61a70277ef2a5d710d372e06e7e2d87fb9e4

COCOAPODS: 0.39.0
