<?xml version="1.0" encoding="UTF-8"?>
<!DOCTYPE plist PUBLIC "-//Apple//DTD PLIST 1.0//EN" "http://www.apple.com/DTDs/PropertyList-1.0.dtd">
<plist version="1.0">
<dict>
	<key>archiveVersion</key>
	<string>1</string>
	<key>classes</key>
	<dict/>
	<key>objectVersion</key>
	<string>46</string>
	<key>objects</key>
	<dict>
		<key>0002610A1CA3445F00296B87</key>
		<dict>
			<key>buildActionMask</key>
			<string>2147483647</string>
			<key>files</key>
			<array/>
			<key>inputPaths</key>
			<array/>
			<key>isa</key>
			<string>PBXShellScriptBuildPhase</string>
			<key>outputPaths</key>
			<array/>
			<key>runOnlyForDeploymentPostprocessing</key>
			<string>0</string>
			<key>shellPath</key>
			<string>/bin/sh</string>
			<key>shellScript</key>
			<string>"$PODS_ROOT/R.swift/rswift" "$SRCROOT"</string>
		</dict>
		<key>000E0EE21CB1C21400F021AA</key>
		<dict>
			<key>isa</key>
			<string>PBXFileReference</string>
			<key>lastKnownFileType</key>
			<string>wrapper.plug-in</string>
			<key>path</key>
			<string>TAOverlay.bundle</string>
			<key>sourceTree</key>
			<string>&lt;group&gt;</string>
		</dict>
		<key>000E0EE31CB1C21400F021AA</key>
		<dict>
			<key>fileEncoding</key>
			<string>4</string>
			<key>isa</key>
			<string>PBXFileReference</string>
			<key>lastKnownFileType</key>
			<string>sourcecode.c.h</string>
			<key>path</key>
			<string>TAOverlay.h</string>
			<key>sourceTree</key>
			<string>&lt;group&gt;</string>
		</dict>
		<key>000E0EE41CB1C21400F021AA</key>
		<dict>
			<key>fileEncoding</key>
			<string>4</string>
			<key>isa</key>
			<string>PBXFileReference</string>
			<key>lastKnownFileType</key>
			<string>sourcecode.c.objc</string>
			<key>path</key>
			<string>TAOverlay.m</string>
			<key>sourceTree</key>
			<string>&lt;group&gt;</string>
		</dict>
		<key>000E0EE51CB1C21400F021AA</key>
		<dict>
			<key>fileRef</key>
			<string>000E0EE21CB1C21400F021AA</string>
			<key>isa</key>
			<string>PBXBuildFile</string>
		</dict>
		<key>000E0EE61CB1C21400F021AA</key>
		<dict>
			<key>fileRef</key>
			<string>000E0EE41CB1C21400F021AA</string>
			<key>isa</key>
			<string>PBXBuildFile</string>
		</dict>
		<key>000EB6071CC6183B00704CF4</key>
		<dict>
			<key>buildActionMask</key>
			<string>2147483647</string>
			<key>files</key>
			<array>
				<string>000EB61E1CC622FE00704CF4</string>
				<string>000EB60F1CC6183B00704CF4</string>
				<string>000EB61C1CC61EE000704CF4</string>
				<string>000EB6201CC6230300704CF4</string>
				<string>000EB6211CC6230500704CF4</string>
				<string>000EB61F1CC6230100704CF4</string>
				<string>000EB6221CC6230800704CF4</string>
			</array>
			<key>isa</key>
			<string>PBXSourcesBuildPhase</string>
			<key>runOnlyForDeploymentPostprocessing</key>
			<string>0</string>
		</dict>
		<key>000EB6081CC6183B00704CF4</key>
		<dict>
			<key>buildActionMask</key>
			<string>2147483647</string>
			<key>files</key>
			<array>
				<string>000EB60C1CC6183B00704CF4</string>
				<string>C9E8DD0B92C41E6C28AAF310</string>
			</array>
			<key>isa</key>
			<string>PBXFrameworksBuildPhase</string>
			<key>runOnlyForDeploymentPostprocessing</key>
			<string>0</string>
		</dict>
		<key>000EB6091CC6183B00704CF4</key>
		<dict>
			<key>buildActionMask</key>
			<string>2147483647</string>
			<key>files</key>
			<array>
				<string>000EB6241CC6248A00704CF4</string>
				<string>000EB6121CC6183B00704CF4</string>
			</array>
			<key>isa</key>
			<string>PBXResourcesBuildPhase</string>
			<key>runOnlyForDeploymentPostprocessing</key>
			<string>0</string>
		</dict>
		<key>000EB60A1CC6183B00704CF4</key>
		<dict>
			<key>buildConfigurationList</key>
			<string>000EB6171CC6183B00704CF4</string>
			<key>buildPhases</key>
			<array>
				<string>970F93B3001B5F202925E120</string>
				<string>000EB6071CC6183B00704CF4</string>
				<string>000EB6081CC6183B00704CF4</string>
				<string>000EB6091CC6183B00704CF4</string>
				<string>27ED3A2FA2A386DB1C839D78</string>
				<string>3F2CD2135945CC44687CBF1B</string>
			</array>
			<key>buildRules</key>
			<array/>
			<key>dependencies</key>
			<array/>
			<key>isa</key>
			<string>PBXNativeTarget</string>
			<key>name</key>
			<string>TheScore</string>
			<key>productName</key>
			<string>TheScore</string>
			<key>productReference</key>
			<string>000EB60B1CC6183B00704CF4</string>
			<key>productType</key>
			<string>com.apple.product-type.app-extension</string>
		</dict>
		<key>000EB60B1CC6183B00704CF4</key>
		<dict>
			<key>explicitFileType</key>
			<string>wrapper.app-extension</string>
			<key>includeInIndex</key>
			<string>0</string>
			<key>isa</key>
			<string>PBXFileReference</string>
			<key>path</key>
			<string>TheScore.appex</string>
			<key>sourceTree</key>
			<string>BUILT_PRODUCTS_DIR</string>
		</dict>
		<key>000EB60C1CC6183B00704CF4</key>
		<dict>
			<key>fileRef</key>
			<string>00404A9E1BF093540009AD0E</string>
			<key>isa</key>
			<string>PBXBuildFile</string>
		</dict>
		<key>000EB60D1CC6183B00704CF4</key>
		<dict>
			<key>children</key>
			<array>
				<string>000EB6231CC6248A00704CF4</string>
				<string>000EB60E1CC6183B00704CF4</string>
				<string>00D01BB81BF322CD00EF8D0D</string>
				<string>000EB6101CC6183B00704CF4</string>
				<string>000EB6131CC6183B00704CF4</string>
			</array>
			<key>isa</key>
			<string>PBXGroup</string>
			<key>path</key>
			<string>TheScore</string>
			<key>sourceTree</key>
			<string>&lt;group&gt;</string>
		</dict>
		<key>000EB60E1CC6183B00704CF4</key>
		<dict>
			<key>isa</key>
			<string>PBXFileReference</string>
			<key>lastKnownFileType</key>
			<string>sourcecode.swift</string>
			<key>path</key>
			<string>TodayViewController.swift</string>
			<key>sourceTree</key>
			<string>&lt;group&gt;</string>
		</dict>
		<key>000EB60F1CC6183B00704CF4</key>
		<dict>
			<key>fileRef</key>
			<string>000EB60E1CC6183B00704CF4</string>
			<key>isa</key>
			<string>PBXBuildFile</string>
		</dict>
		<key>000EB6101CC6183B00704CF4</key>
		<dict>
			<key>children</key>
			<array>
				<string>000EB6111CC6183B00704CF4</string>
			</array>
			<key>isa</key>
			<string>PBXVariantGroup</string>
			<key>name</key>
			<string>MainInterface.storyboard</string>
			<key>sourceTree</key>
			<string>&lt;group&gt;</string>
		</dict>
		<key>000EB6111CC6183B00704CF4</key>
		<dict>
			<key>isa</key>
			<string>PBXFileReference</string>
			<key>lastKnownFileType</key>
			<string>file.storyboard</string>
			<key>name</key>
			<string>Base</string>
			<key>path</key>
			<string>Base.lproj/MainInterface.storyboard</string>
			<key>sourceTree</key>
			<string>&lt;group&gt;</string>
		</dict>
		<key>000EB6121CC6183B00704CF4</key>
		<dict>
			<key>fileRef</key>
			<string>000EB6101CC6183B00704CF4</string>
			<key>isa</key>
			<string>PBXBuildFile</string>
		</dict>
		<key>000EB6131CC6183B00704CF4</key>
		<dict>
			<key>isa</key>
			<string>PBXFileReference</string>
			<key>lastKnownFileType</key>
			<string>text.plist.xml</string>
			<key>path</key>
			<string>Info.plist</string>
			<key>sourceTree</key>
			<string>&lt;group&gt;</string>
		</dict>
		<key>000EB6141CC6183B00704CF4</key>
		<dict>
			<key>containerPortal</key>
			<string>004B56D11B35332A008A75EB</string>
			<key>isa</key>
			<string>PBXContainerItemProxy</string>
			<key>proxyType</key>
			<string>1</string>
			<key>remoteGlobalIDString</key>
			<string>000EB60A1CC6183B00704CF4</string>
			<key>remoteInfo</key>
			<string>TheScore</string>
		</dict>
		<key>000EB6151CC6183B00704CF4</key>
		<dict>
			<key>isa</key>
			<string>PBXTargetDependency</string>
			<key>target</key>
			<string>000EB60A1CC6183B00704CF4</string>
			<key>targetProxy</key>
			<string>000EB6141CC6183B00704CF4</string>
		</dict>
		<key>000EB6161CC6183B00704CF4</key>
		<dict>
			<key>fileRef</key>
			<string>000EB60B1CC6183B00704CF4</string>
			<key>isa</key>
			<string>PBXBuildFile</string>
			<key>settings</key>
			<dict>
				<key>ATTRIBUTES</key>
				<array>
					<string>RemoveHeadersOnCopy</string>
				</array>
			</dict>
		</dict>
		<key>000EB6171CC6183B00704CF4</key>
		<dict>
			<key>buildConfigurations</key>
			<array>
				<string>000EB6181CC6183B00704CF4</string>
				<string>000EB6191CC6183B00704CF4</string>
			</array>
			<key>defaultConfigurationIsVisible</key>
			<string>0</string>
			<key>defaultConfigurationName</key>
			<string>Release</string>
			<key>isa</key>
			<string>XCConfigurationList</string>
		</dict>
		<key>000EB6181CC6183B00704CF4</key>
		<dict>
			<key>baseConfigurationReference</key>
			<string>12A676E560E33A57FA31AA47</string>
			<key>buildSettings</key>
			<dict>
				<key>CLANG_ANALYZER_NONNULL</key>
				<string>YES</string>
				<key>CODE_SIGN_ENTITLEMENTS</key>
				<string>TheScore/TheScore.entitlements</string>
				<key>CODE_SIGN_IDENTITY</key>
				<string>iPhone Developer</string>
				<key>CODE_SIGN_IDENTITY[sdk=iphoneos*]</key>
				<string>iPhone Developer</string>
				<key>DEBUG_INFORMATION_FORMAT</key>
				<string>dwarf</string>
				<key>EMBEDDED_CONTENT_CONTAINS_SWIFT</key>
				<string>$(inherited)</string>
				<key>INFOPLIST_FILE</key>
				<string>TheScore/Info.plist</string>
				<key>IPHONEOS_DEPLOYMENT_TARGET</key>
				<string>9.3</string>
				<key>LD_RUNPATH_SEARCH_PATHS</key>
				<string>$(inherited) @executable_path/Frameworks @executable_path/../../Frameworks</string>
				<key>PRODUCT_BUNDLE_IDENTIFIER</key>
				<string>com.GreyEcology.CelebrityScore.TheScore</string>
				<key>PRODUCT_NAME</key>
				<string>$(TARGET_NAME)</string>
				<key>SKIP_INSTALL</key>
				<string>YES</string>
				<key>SWIFT_OPTIMIZATION_LEVEL</key>
				<string>-Onone</string>
			</dict>
			<key>isa</key>
			<string>XCBuildConfiguration</string>
			<key>name</key>
			<string>Debug</string>
		</dict>
		<key>000EB6191CC6183B00704CF4</key>
		<dict>
			<key>baseConfigurationReference</key>
			<string>2AEEFCBE4E6882B9E0EE3D4A</string>
			<key>buildSettings</key>
			<dict>
				<key>CLANG_ANALYZER_NONNULL</key>
				<string>YES</string>
				<key>CODE_SIGN_ENTITLEMENTS</key>
				<string>TheScore/TheScore.entitlements</string>
				<key>CODE_SIGN_IDENTITY</key>
				<string>iPhone Developer</string>
				<key>CODE_SIGN_IDENTITY[sdk=iphoneos*]</key>
				<string>iPhone Developer</string>
				<key>EMBEDDED_CONTENT_CONTAINS_SWIFT</key>
				<string>$(inherited)</string>
				<key>INFOPLIST_FILE</key>
				<string>TheScore/Info.plist</string>
				<key>IPHONEOS_DEPLOYMENT_TARGET</key>
				<string>9.3</string>
				<key>LD_RUNPATH_SEARCH_PATHS</key>
				<string>$(inherited) @executable_path/Frameworks @executable_path/../../Frameworks</string>
				<key>PRODUCT_BUNDLE_IDENTIFIER</key>
				<string>com.GreyEcology.CelebrityScore.TheScore</string>
				<key>PRODUCT_NAME</key>
				<string>$(TARGET_NAME)</string>
				<key>SKIP_INSTALL</key>
				<string>YES</string>
			</dict>
			<key>isa</key>
			<string>XCBuildConfiguration</string>
			<key>name</key>
			<string>Release</string>
		</dict>
		<key>000EB61C1CC61EE000704CF4</key>
		<dict>
			<key>fileRef</key>
			<string>00D01BB81BF322CD00EF8D0D</string>
			<key>isa</key>
			<string>PBXBuildFile</string>
		</dict>
		<key>000EB61E1CC622FE00704CF4</key>
		<dict>
			<key>fileRef</key>
			<string>00404A951BEE71300009AD0E</string>
			<key>isa</key>
			<string>PBXBuildFile</string>
		</dict>
		<key>000EB61F1CC6230100704CF4</key>
		<dict>
			<key>fileRef</key>
			<string>008488351BCCA44000B11659</string>
			<key>isa</key>
			<string>PBXBuildFile</string>
		</dict>
		<key>000EB6201CC6230300704CF4</key>
		<dict>
			<key>fileRef</key>
			<string>0067F49C1BCA37FD006994F5</string>
			<key>isa</key>
			<string>PBXBuildFile</string>
		</dict>
		<key>000EB6211CC6230500704CF4</key>
		<dict>
			<key>fileRef</key>
			<string>00B404291B4A465200B7627E</string>
			<key>isa</key>
			<string>PBXBuildFile</string>
		</dict>
		<key>000EB6221CC6230800704CF4</key>
		<dict>
			<key>fileRef</key>
			<string>00404A971BEEDB2A0009AD0E</string>
			<key>isa</key>
			<string>PBXBuildFile</string>
		</dict>
		<key>000EB6231CC6248A00704CF4</key>
		<dict>
			<key>fileEncoding</key>
			<string>4</string>
			<key>isa</key>
			<string>PBXFileReference</string>
			<key>lastKnownFileType</key>
			<string>text.xml</string>
			<key>path</key>
			<string>TheScore.entitlements</string>
			<key>sourceTree</key>
			<string>&lt;group&gt;</string>
		</dict>
		<key>000EB6241CC6248A00704CF4</key>
		<dict>
			<key>fileRef</key>
			<string>000EB6231CC6248A00704CF4</string>
			<key>isa</key>
			<string>PBXBuildFile</string>
		</dict>
		<key>0016DD221C547AC400021202</key>
		<dict>
			<key>fileEncoding</key>
			<string>4</string>
			<key>isa</key>
			<string>PBXFileReference</string>
			<key>lastKnownFileType</key>
			<string>sourcecode.swift</string>
			<key>path</key>
			<string>CosmosTouch.swift</string>
			<key>sourceTree</key>
			<string>&lt;group&gt;</string>
		</dict>
		<key>0016DD231C547AC400021202</key>
		<dict>
			<key>fileRef</key>
			<string>0016DD221C547AC400021202</string>
			<key>isa</key>
			<string>PBXBuildFile</string>
		</dict>
		<key>001703ED1C8FB4EC0070B811</key>
		<dict>
			<key>fileEncoding</key>
			<string>4</string>
			<key>isa</key>
			<string>PBXFileReference</string>
			<key>lastKnownFileType</key>
			<string>sourcecode.c.h</string>
			<key>path</key>
			<string>UIView+DYARippleEffect.h</string>
			<key>sourceTree</key>
			<string>&lt;group&gt;</string>
		</dict>
		<key>001703EE1C8FB4EC0070B811</key>
		<dict>
			<key>fileEncoding</key>
			<string>4</string>
			<key>isa</key>
			<string>PBXFileReference</string>
			<key>lastKnownFileType</key>
			<string>sourcecode.c.objc</string>
			<key>path</key>
			<string>UIView+DYARippleEffect.m</string>
			<key>sourceTree</key>
			<string>&lt;group&gt;</string>
		</dict>
		<key>001703EF1C8FB4EC0070B811</key>
		<dict>
			<key>fileRef</key>
			<string>001703EE1C8FB4EC0070B811</string>
			<key>isa</key>
			<string>PBXBuildFile</string>
		</dict>
		<key>001DD791C72CB7A58C6FC7C4</key>
		<dict>
			<key>explicitFileType</key>
			<string>wrapper.framework</string>
			<key>includeInIndex</key>
			<string>0</string>
			<key>isa</key>
			<string>PBXFileReference</string>
			<key>path</key>
			<string>Pods_CelScoreTests.framework</string>
			<key>sourceTree</key>
			<string>BUILT_PRODUCTS_DIR</string>
		</dict>
		<key>00252D781CC6EC6E007CA826</key>
		<dict>
			<key>fileEncoding</key>
			<string>4</string>
			<key>isa</key>
			<string>PBXFileReference</string>
			<key>lastKnownFileType</key>
			<string>sourcecode.swift</string>
			<key>path</key>
			<string>R.generated.swift</string>
			<key>sourceTree</key>
			<string>SOURCE_ROOT</string>
		</dict>
		<key>00252D791CC6EC6E007CA826</key>
		<dict>
			<key>fileRef</key>
			<string>00252D781CC6EC6E007CA826</string>
			<key>isa</key>
			<string>PBXBuildFile</string>
		</dict>
		<key>003387A11C631BC3008AB0D8</key>
		<dict>
			<key>isa</key>
			<string>PBXFileReference</string>
			<key>lastKnownFileType</key>
			<string>wrapper.framework</string>
			<key>name</key>
			<string>QuartzCore.framework</string>
			<key>path</key>
			<string>System/Library/Frameworks/QuartzCore.framework</string>
			<key>sourceTree</key>
			<string>SDKROOT</string>
		</dict>
		<key>003387A21C631BC3008AB0D8</key>
		<dict>
			<key>fileRef</key>
			<string>003387A11C631BC3008AB0D8</string>
			<key>isa</key>
			<string>PBXBuildFile</string>
		</dict>
		<key>0036DD561C01490C000F533F</key>
		<dict>
			<key>fileEncoding</key>
			<string>4</string>
			<key>isa</key>
			<string>PBXFileReference</string>
			<key>lastKnownFileType</key>
			<string>sourcecode.swift</string>
			<key>path</key>
			<string>RFEnums.swift</string>
			<key>sourceTree</key>
			<string>&lt;group&gt;</string>
		</dict>
		<key>0036DD571C01490C000F533F</key>
		<dict>
			<key>fileEncoding</key>
			<string>4</string>
			<key>isa</key>
			<string>PBXFileReference</string>
			<key>lastKnownFileType</key>
			<string>sourcecode.swift</string>
			<key>path</key>
			<string>RFExtensions.swift</string>
			<key>sourceTree</key>
			<string>&lt;group&gt;</string>
		</dict>
		<key>0036DD581C01490C000F533F</key>
		<dict>
			<key>fileRef</key>
			<string>0036DD561C01490C000F533F</string>
			<key>isa</key>
			<string>PBXBuildFile</string>
		</dict>
		<key>0036DD591C01490C000F533F</key>
		<dict>
			<key>fileRef</key>
			<string>0036DD571C01490C000F533F</string>
			<key>isa</key>
			<string>PBXBuildFile</string>
		</dict>
		<key>0036DD5A1C03A2F2000F533F</key>
		<dict>
			<key>fileEncoding</key>
			<string>4</string>
			<key>isa</key>
			<string>PBXFileReference</string>
			<key>lastKnownFileType</key>
			<string>sourcecode.swift</string>
			<key>path</key>
			<string>Constants.swift</string>
			<key>sourceTree</key>
			<string>&lt;group&gt;</string>
		</dict>
		<key>0036DD5B1C03A2F2000F533F</key>
		<dict>
			<key>fileRef</key>
			<string>0036DD5A1C03A2F2000F533F</string>
			<key>isa</key>
			<string>PBXBuildFile</string>
		</dict>
		<key>0036DD5C1C03FEBE000F533F</key>
		<dict>
			<key>fileEncoding</key>
			<string>4</string>
			<key>isa</key>
			<string>PBXFileReference</string>
			<key>lastKnownFileType</key>
			<string>sourcecode.swift</string>
			<key>path</key>
			<string>CelebritySearch.swift</string>
			<key>sourceTree</key>
			<string>&lt;group&gt;</string>
		</dict>
		<key>0036DD5D1C03FEBE000F533F</key>
		<dict>
			<key>fileRef</key>
			<string>0036DD5C1C03FEBE000F533F</string>
			<key>isa</key>
			<string>PBXBuildFile</string>
		</dict>
		<key>003FF5C51BD7879D00F7454E</key>
		<dict>
			<key>buildActionMask</key>
			<string>2147483647</string>
			<key>files</key>
			<array/>
			<key>inputPaths</key>
			<array/>
			<key>isa</key>
			<string>PBXShellScriptBuildPhase</string>
			<key>outputPaths</key>
			<array/>
			<key>runOnlyForDeploymentPostprocessing</key>
			<string>0</string>
			<key>shellPath</key>
			<string>/bin/sh</string>
			<key>shellScript</key>
			<string>"${PODS_ROOT}/Fabric/run" e7bc1c87c4ca6b57ab8ff0d9d24d521082934fb4 33cd1f8b9b661fc1d2413a92e0956503e0a5e4933cf9303f97f3ade74033b0f7</string>
		</dict>
		<key>00404A911BE7E9550009AD0E</key>
		<dict>
			<key>fileEncoding</key>
			<string>4</string>
			<key>isa</key>
			<string>PBXFileReference</string>
			<key>lastKnownFileType</key>
			<string>sourcecode.swift</string>
			<key>path</key>
			<string>DetailViewController.swift</string>
			<key>sourceTree</key>
			<string>&lt;group&gt;</string>
		</dict>
		<key>00404A921BE7E9550009AD0E</key>
		<dict>
			<key>fileRef</key>
			<string>00404A911BE7E9550009AD0E</string>
			<key>isa</key>
			<string>PBXBuildFile</string>
		</dict>
		<key>00404A951BEE71300009AD0E</key>
		<dict>
			<key>fileEncoding</key>
			<string>4</string>
			<key>isa</key>
			<string>PBXFileReference</string>
			<key>lastKnownFileType</key>
			<string>sourcecode.swift</string>
			<key>path</key>
			<string>SettingsModel.swift</string>
			<key>sourceTree</key>
			<string>&lt;group&gt;</string>
		</dict>
		<key>00404A961BEE71300009AD0E</key>
		<dict>
			<key>fileRef</key>
			<string>00404A951BEE71300009AD0E</string>
			<key>isa</key>
			<string>PBXBuildFile</string>
		</dict>
		<key>00404A971BEEDB2A0009AD0E</key>
		<dict>
			<key>fileEncoding</key>
			<string>4</string>
			<key>isa</key>
			<string>PBXFileReference</string>
			<key>lastKnownFileType</key>
			<string>sourcecode.swift</string>
			<key>path</key>
			<string>SettingsViewModel.swift</string>
			<key>sourceTree</key>
			<string>&lt;group&gt;</string>
		</dict>
		<key>00404A981BEEDB2A0009AD0E</key>
		<dict>
			<key>fileRef</key>
			<string>00404A971BEEDB2A0009AD0E</string>
			<key>isa</key>
			<string>PBXBuildFile</string>
		</dict>
		<key>00404A9E1BF093540009AD0E</key>
		<dict>
			<key>isa</key>
			<string>PBXFileReference</string>
			<key>lastKnownFileType</key>
			<string>wrapper.framework</string>
			<key>name</key>
			<string>NotificationCenter.framework</string>
			<key>path</key>
			<string>System/Library/Frameworks/NotificationCenter.framework</string>
			<key>sourceTree</key>
			<string>SDKROOT</string>
		</dict>
		<key>00404AAD1BF093540009AD0E</key>
		<dict>
			<key>buildActionMask</key>
			<string>2147483647</string>
			<key>dstPath</key>
			<string></string>
			<key>dstSubfolderSpec</key>
			<string>13</string>
			<key>files</key>
			<array>
				<string>000EB6161CC6183B00704CF4</string>
			</array>
			<key>isa</key>
			<string>PBXCopyFilesBuildPhase</string>
			<key>name</key>
			<string>Embed App Extensions</string>
			<key>runOnlyForDeploymentPostprocessing</key>
			<string>0</string>
		</dict>
		<key>00417A041CB5B65900E47078</key>
		<dict>
			<key>fileEncoding</key>
			<string>4</string>
			<key>isa</key>
			<string>PBXFileReference</string>
			<key>lastKnownFileType</key>
			<string>sourcecode.swift</string>
			<key>path</key>
			<string>TransitionManager.swift</string>
			<key>sourceTree</key>
			<string>&lt;group&gt;</string>
		</dict>
		<key>00417A051CB5B65900E47078</key>
		<dict>
			<key>fileRef</key>
			<string>00417A041CB5B65900E47078</string>
			<key>isa</key>
			<string>PBXBuildFile</string>
		</dict>
		<key>004492161C3B26E000FBCEFE</key>
		<dict>
			<key>children</key>
			<array>
				<string>000E0EE21CB1C21400F021AA</string>
				<string>000E0EE31CB1C21400F021AA</string>
				<string>000E0EE41CB1C21400F021AA</string>
				<string>00FEF1741CACE5C6004141B3</string>
				<string>00FEF1751CACE5C6004141B3</string>
				<string>00FEF1761CACE5C6004141B3</string>
				<string>00FEF1771CACE5C6004141B3</string>
				<string>001703ED1C8FB4EC0070B811</string>
				<string>001703EE1C8FB4EC0070B811</string>
				<string>00F902191C8BC9A0009AD588</string>
				<string>00F9021A1C8BC9A0009AD588</string>
				<string>004492171C3B272200FBCEFE</string>
			</array>
			<key>isa</key>
			<string>PBXGroup</string>
			<key>name</key>
			<string>Supporting Files</string>
			<key>sourceTree</key>
			<string>&lt;group&gt;</string>
		</dict>
		<key>004492171C3B272200FBCEFE</key>
		<dict>
			<key>fileEncoding</key>
			<string>4</string>
			<key>isa</key>
			<string>PBXFileReference</string>
			<key>lastKnownFileType</key>
			<string>text.plist.xml</string>
			<key>path</key>
			<string>Info.plist</string>
			<key>sourceTree</key>
			<string>&lt;group&gt;</string>
		</dict>
		<key>004B56D01B35332A008A75EB</key>
		<dict>
			<key>children</key>
			<array>
				<string>004B56DB1B35332A008A75EB</string>
				<string>004B56F11B35332B008A75EB</string>
				<string>000EB60D1CC6183B00704CF4</string>
				<string>004B56DA1B35332A008A75EB</string>
				<string>272C664E3752319CD2080EBE</string>
				<string>42802DFD00BABB3057FB5E08</string>
			</array>
			<key>isa</key>
			<string>PBXGroup</string>
			<key>sourceTree</key>
			<string>&lt;group&gt;</string>
		</dict>
		<key>004B56D11B35332A008A75EB</key>
		<dict>
			<key>attributes</key>
			<dict>
				<key>LastSwiftUpdateCheck</key>
				<string>0730</string>
				<key>LastUpgradeCheck</key>
				<string>0700</string>
				<key>ORGANIZATIONNAME</key>
				<string>Gareth.K.Mensah</string>
				<key>TargetAttributes</key>
				<dict>
					<key>000EB60A1CC6183B00704CF4</key>
					<dict>
						<key>CreatedOnToolsVersion</key>
						<string>7.3</string>
						<key>DevelopmentTeam</key>
						<string>6AEA7P6XSJ</string>
						<key>SystemCapabilities</key>
						<dict>
							<key>com.apple.ApplicationGroups.iOS</key>
							<dict>
								<key>enabled</key>
								<string>1</string>
							</dict>
						</dict>
					</dict>
					<key>004B56D81B35332A008A75EB</key>
					<dict>
						<key>CreatedOnToolsVersion</key>
						<string>6.3.2</string>
						<key>DevelopmentTeam</key>
						<string>6AEA7P6XSJ</string>
						<key>SystemCapabilities</key>
						<dict>
							<key>com.apple.ApplicationGroups.iOS</key>
							<dict>
								<key>enabled</key>
								<string>1</string>
							</dict>
						</dict>
					</dict>
					<key>004B56ED1B35332B008A75EB</key>
					<dict>
						<key>CreatedOnToolsVersion</key>
						<string>6.3.2</string>
						<key>TestTargetID</key>
						<string>004B56D81B35332A008A75EB</string>
					</dict>
				</dict>
			</dict>
			<key>buildConfigurationList</key>
			<string>004B56D41B35332A008A75EB</string>
			<key>compatibilityVersion</key>
			<string>Xcode 3.2</string>
			<key>developmentRegion</key>
			<string>English</string>
			<key>hasScannedForEncodings</key>
			<string>0</string>
			<key>isa</key>
			<string>PBXProject</string>
			<key>knownRegions</key>
			<array>
				<string>en</string>
				<string>Base</string>
			</array>
			<key>mainGroup</key>
			<string>004B56D01B35332A008A75EB</string>
			<key>productRefGroup</key>
			<string>004B56DA1B35332A008A75EB</string>
			<key>projectDirPath</key>
			<string></string>
			<key>projectReferences</key>
			<array/>
			<key>projectRoot</key>
			<string></string>
			<key>targets</key>
			<array>
				<string>004B56D81B35332A008A75EB</string>
				<string>004B56ED1B35332B008A75EB</string>
				<string>000EB60A1CC6183B00704CF4</string>
			</array>
		</dict>
		<key>004B56D41B35332A008A75EB</key>
		<dict>
			<key>buildConfigurations</key>
			<array>
				<string>004B56F61B35332B008A75EB</string>
				<string>004B56F71B35332B008A75EB</string>
			</array>
			<key>defaultConfigurationIsVisible</key>
			<string>0</string>
			<key>defaultConfigurationName</key>
			<string>Release</string>
			<key>isa</key>
			<string>XCConfigurationList</string>
		</dict>
		<key>004B56D51B35332A008A75EB</key>
		<dict>
			<key>buildActionMask</key>
			<string>2147483647</string>
			<key>files</key>
			<array>
				<string>006431921C6A67430062BBDB</string>
				<string>0067F49D1BCA37FD006994F5</string>
				<string>00F6C9DB1B35393C0078CA6E</string>
				<string>00404A961BEE71300009AD0E</string>
				<string>00FEF1791CACE5C6004141B3</string>
				<string>00C347B61C605CB800097089</string>
				<string>00417A051CB5B65900E47078</string>
				<string>00C347A11C6016A000097089</string>
				<string>0016DD231C547AC400021202</string>
				<string>00F6C9D81B35393C0078CA6E</string>
				<string>00F6C9DA1B35393C0078CA6E</string>
				<string>00C347A31C6016B000097089</string>
				<string>00F6C9D71B35393C0078CA6E</string>
				<string>008488361BCCA44000B11659</string>
				<string>0036DD5D1C03FEBE000F533F</string>
				<string>00F6C9DE1B3539480078CA6E</string>
				<string>00FEF1781CACE5C6004141B3</string>
				<string>000E0EE61CB1C21400F021AA</string>
				<string>00C347B91C605CB800097089</string>
				<string>0036DD581C01490C000F533F</string>
				<string>001703EF1C8FB4EC0070B811</string>
				<string>0036DD591C01490C000F533F</string>
				<string>00C347B71C605CB800097089</string>
				<string>006431901C6A66030062BBDB</string>
				<string>0036DD5B1C03A2F2000F533F</string>
				<string>00F6C9D91B35393C0078CA6E</string>
				<string>0064318E1C6A65940062BBDB</string>
				<string>00F9021B1C8BC9A0009AD588</string>
				<string>0064318C1C6A64DB0062BBDB</string>
				<string>00BF75281CA1F8D10061064C</string>
				<string>0082B14F1C40F8A900E2A9BC</string>
				<string>00C347B51C605CB800097089</string>
				<string>00C347BB1C60902E00097089</string>
				<string>004B56DF1B35332A008A75EB</string>
				<string>00C347B81C605CB800097089</string>
				<string>00C347C01C61A1BC00097089</string>
				<string>00F6C9DF1B3539480078CA6E</string>
				<string>006431821C694BA40062BBDB</string>
				<string>00252D791CC6EC6E007CA826</string>
				<string>0064318A1C6A64480062BBDB</string>
				<string>00404A921BE7E9550009AD0E</string>
				<string>00B4042A1B4A465200B7627E</string>
				<string>00404A981BEEDB2A0009AD0E</string>
			</array>
			<key>isa</key>
			<string>PBXSourcesBuildPhase</string>
			<key>runOnlyForDeploymentPostprocessing</key>
			<string>0</string>
		</dict>
		<key>004B56D61B35332A008A75EB</key>
		<dict>
			<key>buildActionMask</key>
			<string>2147483647</string>
			<key>files</key>
			<array>
				<string>003387A21C631BC3008AB0D8</string>
				<string>00F6C9E21B353A670078CA6E</string>
				<string>7B1116A34C716B92E7C2A1C9</string>
				<string>149ED5D5ADDF0C0586A1E427</string>
				<string>E189D73A71F846D3344DC8EF</string>
				<string>E64E7E62C2B4F35A42F8B152</string>
				<string>209DE85F77C0942E9B3DA893</string>
				<string>33E914D31AC0CA7F68927826</string>
			</array>
			<key>isa</key>
			<string>PBXFrameworksBuildPhase</string>
			<key>runOnlyForDeploymentPostprocessing</key>
			<string>0</string>
		</dict>
		<key>004B56D71B35332A008A75EB</key>
		<dict>
			<key>buildActionMask</key>
			<string>2147483647</string>
			<key>files</key>
			<array>
				<string>000E0EE51CB1C21400F021AA</string>
				<string>004B56E91B35332A008A75EB</string>
				<string>004B56E61B35332A008A75EB</string>
			</array>
			<key>isa</key>
			<string>PBXResourcesBuildPhase</string>
			<key>runOnlyForDeploymentPostprocessing</key>
			<string>0</string>
		</dict>
		<key>004B56D81B35332A008A75EB</key>
		<dict>
			<key>buildConfigurationList</key>
			<string>004B56F81B35332B008A75EB</string>
			<key>buildPhases</key>
			<array>
				<string>7DFB6B7EAD674D595BB12821</string>
				<string>004B56D51B35332A008A75EB</string>
				<string>004B56D61B35332A008A75EB</string>
				<string>004B56D71B35332A008A75EB</string>
				<string>003FF5C51BD7879D00F7454E</string>
				<string>00404AAD1BF093540009AD0E</string>
				<string>0002610A1CA3445F00296B87</string>
				<string>6AF3CAA9F17C0518CC20DDAA</string>
				<string>D37984D0B8A7D592D40CF85F</string>
			</array>
			<key>buildRules</key>
			<array/>
			<key>dependencies</key>
			<array>
				<string>000EB6151CC6183B00704CF4</string>
			</array>
			<key>isa</key>
			<string>PBXNativeTarget</string>
			<key>name</key>
			<string>CelScore</string>
			<key>productName</key>
			<string>CelScore</string>
			<key>productReference</key>
			<string>004B56D91B35332A008A75EB</string>
			<key>productType</key>
			<string>com.apple.product-type.application</string>
		</dict>
		<key>004B56D91B35332A008A75EB</key>
		<dict>
			<key>explicitFileType</key>
			<string>wrapper.application</string>
			<key>includeInIndex</key>
			<string>0</string>
			<key>isa</key>
			<string>PBXFileReference</string>
			<key>path</key>
			<string>CelebrityScore.app</string>
			<key>sourceTree</key>
			<string>BUILT_PRODUCTS_DIR</string>
		</dict>
		<key>004B56DA1B35332A008A75EB</key>
		<dict>
			<key>children</key>
			<array>
				<string>004B56D91B35332A008A75EB</string>
				<string>004B56EE1B35332B008A75EB</string>
				<string>000EB60B1CC6183B00704CF4</string>
			</array>
			<key>isa</key>
			<string>PBXGroup</string>
			<key>name</key>
			<string>Products</string>
			<key>sourceTree</key>
			<string>&lt;group&gt;</string>
		</dict>
		<key>004B56DB1B35332A008A75EB</key>
		<dict>
			<key>children</key>
			<array>
				<string>00D01BC61BF43AC400EF8D0D</string>
				<string>004B57011B3533E8008A75EB</string>
				<string>004B57001B3533DF008A75EB</string>
				<string>004B56FF1B3533D8008A75EB</string>
				<string>004B56FE1B3533CE008A75EB</string>
				<string>004492161C3B26E000FBCEFE</string>
				<string>004B56DE1B35332A008A75EB</string>
				<string>004B56E51B35332A008A75EB</string>
				<string>004B56E71B35332A008A75EB</string>
			</array>
			<key>isa</key>
			<string>PBXGroup</string>
			<key>path</key>
			<string>CelScore</string>
			<key>sourceTree</key>
			<string>&lt;group&gt;</string>
		</dict>
		<key>004B56DE1B35332A008A75EB</key>
		<dict>
			<key>isa</key>
			<string>PBXFileReference</string>
			<key>lastKnownFileType</key>
			<string>sourcecode.swift</string>
			<key>path</key>
			<string>AppDelegate.swift</string>
			<key>sourceTree</key>
			<string>&lt;group&gt;</string>
		</dict>
		<key>004B56DF1B35332A008A75EB</key>
		<dict>
			<key>fileRef</key>
			<string>004B56DE1B35332A008A75EB</string>
			<key>isa</key>
			<string>PBXBuildFile</string>
		</dict>
		<key>004B56E51B35332A008A75EB</key>
		<dict>
			<key>isa</key>
			<string>PBXFileReference</string>
			<key>lastKnownFileType</key>
			<string>folder.assetcatalog</string>
			<key>path</key>
			<string>Images.xcassets</string>
			<key>sourceTree</key>
			<string>&lt;group&gt;</string>
		</dict>
		<key>004B56E61B35332A008A75EB</key>
		<dict>
			<key>fileRef</key>
			<string>004B56E51B35332A008A75EB</string>
			<key>isa</key>
			<string>PBXBuildFile</string>
		</dict>
		<key>004B56E71B35332A008A75EB</key>
		<dict>
			<key>children</key>
			<array>
				<string>004B56E81B35332A008A75EB</string>
			</array>
			<key>isa</key>
			<string>PBXVariantGroup</string>
			<key>name</key>
			<string>LaunchScreen.xib</string>
			<key>sourceTree</key>
			<string>&lt;group&gt;</string>
		</dict>
		<key>004B56E81B35332A008A75EB</key>
		<dict>
			<key>isa</key>
			<string>PBXFileReference</string>
			<key>lastKnownFileType</key>
			<string>file.xib</string>
			<key>name</key>
			<string>Base</string>
			<key>path</key>
			<string>Base.lproj/LaunchScreen.xib</string>
			<key>sourceTree</key>
			<string>&lt;group&gt;</string>
		</dict>
		<key>004B56E91B35332A008A75EB</key>
		<dict>
			<key>fileRef</key>
			<string>004B56E71B35332A008A75EB</string>
			<key>isa</key>
			<string>PBXBuildFile</string>
		</dict>
		<key>004B56EA1B35332B008A75EB</key>
		<dict>
			<key>buildActionMask</key>
			<string>2147483647</string>
			<key>files</key>
			<array>
				<string>00CCFAE51CBF627A002E7E7E</string>
				<string>00F764821CBE15610012A581</string>
				<string>00CCFAE91CBF710F002E7E7E</string>
				<string>00CCFAEB1CBF79E8002E7E7E</string>
				<string>00CCFAE31CBF272E002E7E7E</string>
			</array>
			<key>isa</key>
			<string>PBXSourcesBuildPhase</string>
			<key>runOnlyForDeploymentPostprocessing</key>
			<string>0</string>
		</dict>
		<key>004B56EB1B35332B008A75EB</key>
		<dict>
			<key>buildActionMask</key>
			<string>2147483647</string>
			<key>files</key>
			<array>
				<string>511961618702D40D46846D75</string>
			</array>
			<key>isa</key>
			<string>PBXFrameworksBuildPhase</string>
			<key>runOnlyForDeploymentPostprocessing</key>
			<string>0</string>
		</dict>
		<key>004B56EC1B35332B008A75EB</key>
		<dict>
			<key>buildActionMask</key>
			<string>2147483647</string>
			<key>files</key>
			<array/>
			<key>isa</key>
			<string>PBXResourcesBuildPhase</string>
			<key>runOnlyForDeploymentPostprocessing</key>
			<string>0</string>
		</dict>
		<key>004B56ED1B35332B008A75EB</key>
		<dict>
			<key>buildConfigurationList</key>
			<string>004B56FB1B35332B008A75EB</string>
			<key>buildPhases</key>
			<array>
				<string>829CBD816354E223EEE046D3</string>
				<string>004B56EA1B35332B008A75EB</string>
				<string>004B56EB1B35332B008A75EB</string>
				<string>004B56EC1B35332B008A75EB</string>
				<string>7F4FD6FFF520F56EC9FCDEF1</string>
				<string>782C63C1BE07C9A3C2C6D732</string>
			</array>
			<key>buildRules</key>
			<array/>
			<key>dependencies</key>
			<array>
				<string>004B56F01B35332B008A75EB</string>
			</array>
			<key>isa</key>
			<string>PBXNativeTarget</string>
			<key>name</key>
			<string>CelScoreTests</string>
			<key>productName</key>
			<string>CelScoreTests</string>
			<key>productReference</key>
			<string>004B56EE1B35332B008A75EB</string>
			<key>productType</key>
			<string>com.apple.product-type.bundle.unit-test</string>
		</dict>
		<key>004B56EE1B35332B008A75EB</key>
		<dict>
			<key>explicitFileType</key>
			<string>wrapper.cfbundle</string>
			<key>includeInIndex</key>
			<string>0</string>
			<key>isa</key>
			<string>PBXFileReference</string>
			<key>path</key>
			<string>CelScoreTests.xctest</string>
			<key>sourceTree</key>
			<string>BUILT_PRODUCTS_DIR</string>
		</dict>
		<key>004B56EF1B35332B008A75EB</key>
		<dict>
			<key>containerPortal</key>
			<string>004B56D11B35332A008A75EB</string>
			<key>isa</key>
			<string>PBXContainerItemProxy</string>
			<key>proxyType</key>
			<string>1</string>
			<key>remoteGlobalIDString</key>
			<string>004B56D81B35332A008A75EB</string>
			<key>remoteInfo</key>
			<string>CelScore</string>
		</dict>
		<key>004B56F01B35332B008A75EB</key>
		<dict>
			<key>isa</key>
			<string>PBXTargetDependency</string>
			<key>target</key>
			<string>004B56D81B35332A008A75EB</string>
			<key>targetProxy</key>
			<string>004B56EF1B35332B008A75EB</string>
		</dict>
		<key>004B56F11B35332B008A75EB</key>
		<dict>
			<key>children</key>
			<array>
				<string>00CCFAEA1CBF79E8002E7E7E</string>
				<string>00CCFAE81CBF710F002E7E7E</string>
				<string>00CCFAE41CBF627A002E7E7E</string>
				<string>00CCFAE21CBF272E002E7E7E</string>
				<string>00F764811CBE15610012A581</string>
				<string>004B56F21B35332B008A75EB</string>
			</array>
			<key>isa</key>
			<string>PBXGroup</string>
			<key>path</key>
			<string>CelScoreTests</string>
			<key>sourceTree</key>
			<string>&lt;group&gt;</string>
		</dict>
		<key>004B56F21B35332B008A75EB</key>
		<dict>
			<key>children</key>
			<array>
				<string>004B56F31B35332B008A75EB</string>
			</array>
			<key>isa</key>
			<string>PBXGroup</string>
			<key>name</key>
			<string>Supporting Files</string>
			<key>sourceTree</key>
			<string>&lt;group&gt;</string>
		</dict>
		<key>004B56F31B35332B008A75EB</key>
		<dict>
			<key>isa</key>
			<string>PBXFileReference</string>
			<key>lastKnownFileType</key>
			<string>text.plist.xml</string>
			<key>path</key>
			<string>Info.plist</string>
			<key>sourceTree</key>
			<string>&lt;group&gt;</string>
		</dict>
		<key>004B56F61B35332B008A75EB</key>
		<dict>
			<key>buildSettings</key>
			<dict>
				<key>ALWAYS_SEARCH_USER_PATHS</key>
				<string>NO</string>
				<key>CLANG_ALLOW_NON_MODULAR_INCLUDES_IN_FRAMEWORK_MODULES</key>
				<string>NO</string>
				<key>CLANG_CXX_LANGUAGE_STANDARD</key>
				<string>gnu++0x</string>
				<key>CLANG_CXX_LIBRARY</key>
				<string>libc++</string>
				<key>CLANG_ENABLE_MODULES</key>
				<string>YES</string>
				<key>CLANG_ENABLE_OBJC_ARC</key>
				<string>YES</string>
				<key>CLANG_WARN_BOOL_CONVERSION</key>
				<string>YES</string>
				<key>CLANG_WARN_CONSTANT_CONVERSION</key>
				<string>YES</string>
				<key>CLANG_WARN_DIRECT_OBJC_ISA_USAGE</key>
				<string>YES_ERROR</string>
				<key>CLANG_WARN_EMPTY_BODY</key>
				<string>YES</string>
				<key>CLANG_WARN_ENUM_CONVERSION</key>
				<string>YES</string>
				<key>CLANG_WARN_INT_CONVERSION</key>
				<string>YES</string>
				<key>CLANG_WARN_OBJC_ROOT_CLASS</key>
				<string>YES_ERROR</string>
				<key>CLANG_WARN_UNREACHABLE_CODE</key>
				<string>YES</string>
				<key>CLANG_WARN__DUPLICATE_METHOD_MATCH</key>
				<string>YES</string>
				<key>CODE_SIGN_IDENTITY</key>
				<string>iPhone Developer</string>
				<key>CODE_SIGN_IDENTITY[sdk=iphoneos*]</key>
				<string>iPhone Developer</string>
				<key>COPY_PHASE_STRIP</key>
				<string>NO</string>
				<key>DEBUG_INFORMATION_FORMAT</key>
				<string>dwarf-with-dsym</string>
				<key>ENABLE_STRICT_OBJC_MSGSEND</key>
				<string>YES</string>
				<key>ENABLE_TESTABILITY</key>
				<string>YES</string>
				<key>GCC_C_LANGUAGE_STANDARD</key>
				<string>gnu99</string>
				<key>GCC_DYNAMIC_NO_PIC</key>
				<string>NO</string>
				<key>GCC_NO_COMMON_BLOCKS</key>
				<string>YES</string>
				<key>GCC_OPTIMIZATION_LEVEL</key>
				<string>0</string>
				<key>GCC_PREPROCESSOR_DEFINITIONS</key>
				<array>
					<string>DEBUG=1</string>
					<string>$(inherited)</string>
				</array>
				<key>GCC_SYMBOLS_PRIVATE_EXTERN</key>
				<string>NO</string>
				<key>GCC_WARN_64_TO_32_BIT_CONVERSION</key>
				<string>YES</string>
				<key>GCC_WARN_ABOUT_RETURN_TYPE</key>
				<string>YES_ERROR</string>
				<key>GCC_WARN_UNDECLARED_SELECTOR</key>
				<string>YES</string>
				<key>GCC_WARN_UNINITIALIZED_AUTOS</key>
				<string>YES_AGGRESSIVE</string>
				<key>GCC_WARN_UNUSED_FUNCTION</key>
				<string>YES</string>
				<key>GCC_WARN_UNUSED_VARIABLE</key>
				<string>YES</string>
				<key>IPHONEOS_DEPLOYMENT_TARGET</key>
				<string>9.0</string>
				<key>MTL_ENABLE_DEBUG_INFO</key>
				<string>YES</string>
				<key>ONLY_ACTIVE_ARCH</key>
				<string>YES</string>
				<key>PROVISIONING_PROFILE</key>
				<string></string>
				<key>SDKROOT</key>
				<string>iphoneos</string>
				<key>SWIFT_OPTIMIZATION_LEVEL</key>
				<string>-Owholemodule</string>
			</dict>
			<key>isa</key>
			<string>XCBuildConfiguration</string>
			<key>name</key>
			<string>Debug</string>
		</dict>
		<key>004B56F71B35332B008A75EB</key>
		<dict>
			<key>buildSettings</key>
			<dict>
				<key>ALWAYS_SEARCH_USER_PATHS</key>
				<string>NO</string>
				<key>CLANG_ALLOW_NON_MODULAR_INCLUDES_IN_FRAMEWORK_MODULES</key>
				<string>NO</string>
				<key>CLANG_CXX_LANGUAGE_STANDARD</key>
				<string>gnu++0x</string>
				<key>CLANG_CXX_LIBRARY</key>
				<string>libc++</string>
				<key>CLANG_ENABLE_MODULES</key>
				<string>YES</string>
				<key>CLANG_ENABLE_OBJC_ARC</key>
				<string>YES</string>
				<key>CLANG_WARN_BOOL_CONVERSION</key>
				<string>YES</string>
				<key>CLANG_WARN_CONSTANT_CONVERSION</key>
				<string>YES</string>
				<key>CLANG_WARN_DIRECT_OBJC_ISA_USAGE</key>
				<string>YES_ERROR</string>
				<key>CLANG_WARN_EMPTY_BODY</key>
				<string>YES</string>
				<key>CLANG_WARN_ENUM_CONVERSION</key>
				<string>YES</string>
				<key>CLANG_WARN_INT_CONVERSION</key>
				<string>YES</string>
				<key>CLANG_WARN_OBJC_ROOT_CLASS</key>
				<string>YES_ERROR</string>
				<key>CLANG_WARN_UNREACHABLE_CODE</key>
				<string>YES</string>
				<key>CLANG_WARN__DUPLICATE_METHOD_MATCH</key>
				<string>YES</string>
				<key>CODE_SIGN_IDENTITY</key>
				<string>iPhone Developer</string>
				<key>CODE_SIGN_IDENTITY[sdk=iphoneos*]</key>
				<string>iPhone Developer</string>
				<key>COPY_PHASE_STRIP</key>
				<string>NO</string>
				<key>DEBUG_INFORMATION_FORMAT</key>
				<string>dwarf-with-dsym</string>
				<key>ENABLE_NS_ASSERTIONS</key>
				<string>NO</string>
				<key>ENABLE_STRICT_OBJC_MSGSEND</key>
				<string>YES</string>
				<key>GCC_C_LANGUAGE_STANDARD</key>
				<string>gnu99</string>
				<key>GCC_NO_COMMON_BLOCKS</key>
				<string>YES</string>
				<key>GCC_WARN_64_TO_32_BIT_CONVERSION</key>
				<string>YES</string>
				<key>GCC_WARN_ABOUT_RETURN_TYPE</key>
				<string>YES_ERROR</string>
				<key>GCC_WARN_UNDECLARED_SELECTOR</key>
				<string>YES</string>
				<key>GCC_WARN_UNINITIALIZED_AUTOS</key>
				<string>YES_AGGRESSIVE</string>
				<key>GCC_WARN_UNUSED_FUNCTION</key>
				<string>YES</string>
				<key>GCC_WARN_UNUSED_VARIABLE</key>
				<string>YES</string>
				<key>IPHONEOS_DEPLOYMENT_TARGET</key>
				<string>9.0</string>
				<key>MTL_ENABLE_DEBUG_INFO</key>
				<string>NO</string>
				<key>PROVISIONING_PROFILE</key>
				<string></string>
				<key>SDKROOT</key>
				<string>iphoneos</string>
				<key>SWIFT_OPTIMIZATION_LEVEL</key>
				<string>-Owholemodule</string>
				<key>VALIDATE_PRODUCT</key>
				<string>YES</string>
			</dict>
			<key>isa</key>
			<string>XCBuildConfiguration</string>
			<key>name</key>
			<string>Release</string>
		</dict>
		<key>004B56F81B35332B008A75EB</key>
		<dict>
			<key>buildConfigurations</key>
			<array>
				<string>004B56F91B35332B008A75EB</string>
				<string>004B56FA1B35332B008A75EB</string>
			</array>
			<key>defaultConfigurationIsVisible</key>
			<string>0</string>
			<key>defaultConfigurationName</key>
			<string>Release</string>
			<key>isa</key>
			<string>XCConfigurationList</string>
		</dict>
		<key>004B56F91B35332B008A75EB</key>
		<dict>
			<key>baseConfigurationReference</key>
			<string>52B916CB192674043364A816</string>
			<key>buildSettings</key>
			<dict>
				<key>ASSETCATALOG_COMPILER_APPICON_NAME</key>
				<string>AppIcon</string>
				<key>CLANG_ALLOW_NON_MODULAR_INCLUDES_IN_FRAMEWORK_MODULES</key>
				<string>YES</string>
				<key>CLANG_ENABLE_MODULES</key>
				<string>YES</string>
				<key>CODE_SIGN_ENTITLEMENTS</key>
				<string>CelScore/CelebrityScore.entitlements</string>
				<key>CODE_SIGN_IDENTITY</key>
				<string>iPhone Developer</string>
				<key>CODE_SIGN_IDENTITY[sdk=iphoneos*]</key>
				<string>iPhone Developer</string>
				<key>EMBEDDED_CONTENT_CONTAINS_SWIFT</key>
				<string>$(inherited)</string>
				<key>ENABLE_BITCODE</key>
				<string>NO</string>
				<key>FRAMEWORK_SEARCH_PATHS</key>
				<array>
					<string>$(inherited)</string>
					<string>$(PROJECT_DIR)</string>
				</array>
				<key>INFOPLIST_FILE</key>
				<string>CelScore/Info.plist</string>
				<key>IPHONEOS_DEPLOYMENT_TARGET</key>
				<string>9.0</string>
				<key>LD_RUNPATH_SEARCH_PATHS</key>
				<string>$(inherited) @executable_path/Frameworks</string>
				<key>OTHER_SWIFT_FLAGS</key>
				<string>$(inherited) "-D" "COCOAPODS"</string>
				<key>PRODUCT_BUNDLE_IDENTIFIER</key>
				<string>com.GreyEcology.$(PRODUCT_NAME:rfc1034identifier)</string>
				<key>PRODUCT_NAME</key>
				<string>CelebrityScore</string>
				<key>PROVISIONING_PROFILE</key>
				<string></string>
				<key>SWIFT_OBJC_BRIDGING_HEADER</key>
				<string>CelScore/Header.h</string>
				<key>SWIFT_OPTIMIZATION_LEVEL</key>
				<string>-Onone</string>
			</dict>
			<key>isa</key>
			<string>XCBuildConfiguration</string>
			<key>name</key>
			<string>Debug</string>
		</dict>
		<key>004B56FA1B35332B008A75EB</key>
		<dict>
			<key>baseConfigurationReference</key>
			<string>F5EEBAA7A3EE7704CE99787E</string>
			<key>buildSettings</key>
			<dict>
				<key>ASSETCATALOG_COMPILER_APPICON_NAME</key>
				<string>AppIcon</string>
				<key>CLANG_ALLOW_NON_MODULAR_INCLUDES_IN_FRAMEWORK_MODULES</key>
				<string>YES</string>
				<key>CLANG_ENABLE_MODULES</key>
				<string>YES</string>
				<key>CODE_SIGN_ENTITLEMENTS</key>
				<string>CelScore/CelebrityScore.entitlements</string>
				<key>CODE_SIGN_IDENTITY</key>
				<string>iPhone Developer</string>
				<key>CODE_SIGN_IDENTITY[sdk=iphoneos*]</key>
				<string>iPhone Developer</string>
				<key>EMBEDDED_CONTENT_CONTAINS_SWIFT</key>
				<string>$(inherited)</string>
				<key>ENABLE_BITCODE</key>
				<string>NO</string>
				<key>FRAMEWORK_SEARCH_PATHS</key>
				<array>
					<string>$(inherited)</string>
					<string>$(PROJECT_DIR)</string>
				</array>
				<key>INFOPLIST_FILE</key>
				<string>CelScore/Info.plist</string>
				<key>IPHONEOS_DEPLOYMENT_TARGET</key>
				<string>9.0</string>
				<key>LD_RUNPATH_SEARCH_PATHS</key>
				<string>$(inherited) @executable_path/Frameworks</string>
				<key>OTHER_SWIFT_FLAGS</key>
				<string>$(inherited) "-D" "COCOAPODS"</string>
				<key>PRODUCT_BUNDLE_IDENTIFIER</key>
				<string>com.GreyEcology.$(PRODUCT_NAME:rfc1034identifier)</string>
				<key>PRODUCT_NAME</key>
				<string>CelebrityScore</string>
				<key>PROVISIONING_PROFILE</key>
				<string></string>
				<key>SWIFT_OBJC_BRIDGING_HEADER</key>
				<string>CelScore/Header.h</string>
			</dict>
			<key>isa</key>
			<string>XCBuildConfiguration</string>
			<key>name</key>
			<string>Release</string>
		</dict>
		<key>004B56FB1B35332B008A75EB</key>
		<dict>
			<key>buildConfigurations</key>
			<array>
				<string>004B56FC1B35332B008A75EB</string>
				<string>004B56FD1B35332B008A75EB</string>
			</array>
			<key>defaultConfigurationIsVisible</key>
			<string>0</string>
			<key>defaultConfigurationName</key>
			<string>Release</string>
			<key>isa</key>
			<string>XCConfigurationList</string>
		</dict>
		<key>004B56FC1B35332B008A75EB</key>
		<dict>
			<key>baseConfigurationReference</key>
			<string>1EBD190DB4A22E16732C9BD5</string>
			<key>buildSettings</key>
			<dict>
				<key>BUNDLE_LOADER</key>
				<string>$(TEST_HOST)</string>
				<key>CLANG_ALLOW_NON_MODULAR_INCLUDES_IN_FRAMEWORK_MODULES</key>
				<string>NO</string>
				<key>EMBEDDED_CONTENT_CONTAINS_SWIFT</key>
				<string>$(inherited)</string>
				<key>FRAMEWORK_SEARCH_PATHS</key>
				<string>$(inherited)</string>
				<key>GCC_PREPROCESSOR_DEFINITIONS</key>
				<array>
					<string>DEBUG=1</string>
					<string>$(inherited)</string>
				</array>
				<key>GCC_SYMBOLS_PRIVATE_EXTERN</key>
				<string>YES</string>
				<key>INFOPLIST_FILE</key>
				<string>CelScoreTests/Info.plist</string>
				<key>LD_RUNPATH_SEARCH_PATHS</key>
				<string>$(inherited) @executable_path/Frameworks @loader_path/Frameworks</string>
				<key>OTHER_LDFLAGS</key>
				<array>
					<string>$(inherited)</string>
					<string>-ObjC</string>
					<string>-framework</string>
					<string>"AIRTimer"</string>
					<string>-framework</string>
					<string>"ReactiveCocoa"</string>
					<string>-framework</string>
					<string>"Realm"</string>
					<string>-framework</string>
					<string>"RealmSwift"</string>
					<string>-framework</string>
					<string>"Result"</string>
					<string>-framework</string>
					<string>"SwiftyJSON"</string>
					<string>-framework</string>
					<string>"XCTest"</string>
				</array>
				<key>PRODUCT_BUNDLE_IDENTIFIER</key>
				<string>com.GrandPopo.$(PRODUCT_NAME:rfc1034identifier)</string>
				<key>PRODUCT_NAME</key>
				<string>$(TARGET_NAME)</string>
				<key>TEST_HOST</key>
				<string>$(BUILT_PRODUCTS_DIR)/CelebrityScore.app/CelebrityScore</string>
			</dict>
			<key>isa</key>
			<string>XCBuildConfiguration</string>
			<key>name</key>
			<string>Debug</string>
		</dict>
		<key>004B56FD1B35332B008A75EB</key>
		<dict>
			<key>baseConfigurationReference</key>
			<string>52A514B5A1DE93EA438BFCD8</string>
			<key>buildSettings</key>
			<dict>
				<key>BUNDLE_LOADER</key>
				<string>$(TEST_HOST)</string>
				<key>CLANG_ALLOW_NON_MODULAR_INCLUDES_IN_FRAMEWORK_MODULES</key>
				<string>NO</string>
				<key>EMBEDDED_CONTENT_CONTAINS_SWIFT</key>
				<string>$(inherited)</string>
				<key>FRAMEWORK_SEARCH_PATHS</key>
				<string>$(inherited)</string>
				<key>GCC_SYMBOLS_PRIVATE_EXTERN</key>
				<string>YES</string>
				<key>INFOPLIST_FILE</key>
				<string>CelScoreTests/Info.plist</string>
				<key>LD_RUNPATH_SEARCH_PATHS</key>
				<string>$(inherited) @executable_path/Frameworks @loader_path/Frameworks</string>
				<key>OTHER_LDFLAGS</key>
				<array>
					<string>$(inherited)</string>
					<string>-ObjC</string>
					<string>-framework</string>
					<string>"AIRTimer"</string>
					<string>-framework</string>
					<string>"ReactiveCocoa"</string>
					<string>-framework</string>
					<string>"Realm"</string>
					<string>-framework</string>
					<string>"RealmSwift"</string>
					<string>-framework</string>
					<string>"Result"</string>
					<string>-framework</string>
					<string>"SwiftyJSON"</string>
					<string>-framework</string>
					<string>"XCTest"</string>
				</array>
				<key>PRODUCT_BUNDLE_IDENTIFIER</key>
				<string>com.GrandPopo.$(PRODUCT_NAME:rfc1034identifier)</string>
				<key>PRODUCT_NAME</key>
				<string>$(TARGET_NAME)</string>
				<key>TEST_HOST</key>
				<string>$(BUILT_PRODUCTS_DIR)/CelebrityScore.app/CelebrityScore</string>
			</dict>
			<key>isa</key>
			<string>XCBuildConfiguration</string>
			<key>name</key>
			<string>Release</string>
		</dict>
		<key>004B56FE1B3533CE008A75EB</key>
		<dict>
			<key>children</key>
			<array>
				<string>006431861C6A63A10062BBDB</string>
				<string>00C347BC1C6097AA00097089</string>
				<string>0036DD5A1C03A2F2000F533F</string>
				<string>0036DD561C01490C000F533F</string>
				<string>00252D781CC6EC6E007CA826</string>
				<string>0036DD571C01490C000F533F</string>
				<string>00C347BF1C61A1BC00097089</string>
				<string>0036DD5C1C03FEBE000F533F</string>
				<string>0082B14E1C40F8A900E2A9BC</string>
				<string>00BF75271CA1F8D10061064C</string>
				<string>00417A041CB5B65900E47078</string>
			</array>
			<key>isa</key>
			<string>PBXGroup</string>
			<key>name</key>
			<string>Utils</string>
			<key>sourceTree</key>
			<string>&lt;group&gt;</string>
		</dict>
		<key>004B56FF1B3533D8008A75EB</key>
		<dict>
			<key>children</key>
			<array>
				<string>00B404291B4A465200B7627E</string>
				<string>0067F49C1BCA37FD006994F5</string>
				<string>008488351BCCA44000B11659</string>
				<string>00404A951BEE71300009AD0E</string>
			</array>
			<key>isa</key>
			<string>PBXGroup</string>
			<key>name</key>
			<string>Models</string>
			<key>sourceTree</key>
			<string>&lt;group&gt;</string>
		</dict>
		<key>004B57001B3533DF008A75EB</key>
		<dict>
			<key>children</key>
			<array>
				<string>00F6C9D21B35393C0078CA6E</string>
				<string>00F6C9D31B35393C0078CA6E</string>
				<string>00F6C9D41B35393C0078CA6E</string>
				<string>00F6C9D51B35393C0078CA6E</string>
				<string>00F6C9D61B35393C0078CA6E</string>
				<string>00404A971BEEDB2A0009AD0E</string>
			</array>
			<key>isa</key>
			<string>PBXGroup</string>
			<key>name</key>
			<string>ViewModels</string>
			<key>sourceTree</key>
			<string>&lt;group&gt;</string>
		</dict>
		<key>004B57011B3533E8008A75EB</key>
		<dict>
			<key>children</key>
			<array>
				<string>006431831C694D320062BBDB</string>
				<string>00F6C9DC1B3539480078CA6E</string>
				<string>00F6C9DD1B3539480078CA6E</string>
				<string>00404A911BE7E9550009AD0E</string>
				<string>00C347BA1C60902E00097089</string>
			</array>
			<key>isa</key>
			<string>PBXGroup</string>
			<key>name</key>
			<string>Views</string>
			<key>sourceTree</key>
			<string>&lt;group&gt;</string>
		</dict>
		<key>006431811C694BA40062BBDB</key>
		<dict>
			<key>fileEncoding</key>
			<string>4</string>
			<key>isa</key>
			<string>PBXFileReference</string>
			<key>lastKnownFileType</key>
			<string>sourcecode.swift</string>
			<key>path</key>
			<string>CelScoreViewController.swift</string>
			<key>sourceTree</key>
			<string>&lt;group&gt;</string>
		</dict>
		<key>006431821C694BA40062BBDB</key>
		<dict>
			<key>fileRef</key>
			<string>006431811C694BA40062BBDB</string>
			<key>isa</key>
			<string>PBXBuildFile</string>
		</dict>
		<key>006431831C694D320062BBDB</key>
		<dict>
			<key>children</key>
			<array>
				<string>00C347A01C6016A000097089</string>
				<string>00C347A21C6016B000097089</string>
				<string>006431811C694BA40062BBDB</string>
			</array>
			<key>isa</key>
			<string>PBXGroup</string>
			<key>name</key>
			<string>DetailSubViewsControllers</string>
			<key>sourceTree</key>
			<string>&lt;group&gt;</string>
		</dict>
		<key>006431861C6A63A10062BBDB</key>
		<dict>
			<key>children</key>
			<array>
				<string>0064318F1C6A66030062BBDB</string>
				<string>006431891C6A64480062BBDB</string>
				<string>0064318B1C6A64DB0062BBDB</string>
				<string>0016DD221C547AC400021202</string>
				<string>0064318D1C6A65940062BBDB</string>
				<string>006431911C6A67430062BBDB</string>
			</array>
			<key>isa</key>
			<string>PBXGroup</string>
			<key>name</key>
			<string>CosmosStars</string>
			<key>sourceTree</key>
			<string>&lt;group&gt;</string>
		</dict>
		<key>006431891C6A64480062BBDB</key>
		<dict>
			<key>fileEncoding</key>
			<string>4</string>
			<key>isa</key>
			<string>PBXFileReference</string>
			<key>lastKnownFileType</key>
			<string>sourcecode.swift</string>
			<key>path</key>
			<string>CosmosLayers.swift</string>
			<key>sourceTree</key>
			<string>&lt;group&gt;</string>
		</dict>
		<key>0064318A1C6A64480062BBDB</key>
		<dict>
			<key>fileRef</key>
			<string>006431891C6A64480062BBDB</string>
			<key>isa</key>
			<string>PBXBuildFile</string>
		</dict>
		<key>0064318B1C6A64DB0062BBDB</key>
		<dict>
			<key>fileEncoding</key>
			<string>4</string>
			<key>isa</key>
			<string>PBXFileReference</string>
			<key>lastKnownFileType</key>
			<string>sourcecode.swift</string>
			<key>path</key>
			<string>CosmosRating.swift</string>
			<key>sourceTree</key>
			<string>&lt;group&gt;</string>
		</dict>
		<key>0064318C1C6A64DB0062BBDB</key>
		<dict>
			<key>fileRef</key>
			<string>0064318B1C6A64DB0062BBDB</string>
			<key>isa</key>
			<string>PBXBuildFile</string>
		</dict>
		<key>0064318D1C6A65940062BBDB</key>
		<dict>
			<key>fileEncoding</key>
			<string>4</string>
			<key>isa</key>
			<string>PBXFileReference</string>
			<key>lastKnownFileType</key>
			<string>sourcecode.swift</string>
			<key>path</key>
			<string>CosmosSettings.swift</string>
			<key>sourceTree</key>
			<string>&lt;group&gt;</string>
		</dict>
		<key>0064318E1C6A65940062BBDB</key>
		<dict>
			<key>fileRef</key>
			<string>0064318D1C6A65940062BBDB</string>
			<key>isa</key>
			<string>PBXBuildFile</string>
		</dict>
		<key>0064318F1C6A66030062BBDB</key>
		<dict>
			<key>fileEncoding</key>
			<string>4</string>
			<key>isa</key>
			<string>PBXFileReference</string>
			<key>lastKnownFileType</key>
			<string>sourcecode.swift</string>
			<key>path</key>
			<string>CosmosView.swift</string>
			<key>sourceTree</key>
			<string>&lt;group&gt;</string>
		</dict>
		<key>006431901C6A66030062BBDB</key>
		<dict>
			<key>fileRef</key>
			<string>0064318F1C6A66030062BBDB</string>
			<key>isa</key>
			<string>PBXBuildFile</string>
		</dict>
		<key>006431911C6A67430062BBDB</key>
		<dict>
			<key>fileEncoding</key>
			<string>4</string>
			<key>isa</key>
			<string>PBXFileReference</string>
			<key>lastKnownFileType</key>
			<string>sourcecode.swift</string>
			<key>path</key>
			<string>StarLayer.swift</string>
			<key>sourceTree</key>
			<string>&lt;group&gt;</string>
		</dict>
		<key>006431921C6A67430062BBDB</key>
		<dict>
			<key>fileRef</key>
			<string>006431911C6A67430062BBDB</string>
			<key>isa</key>
			<string>PBXBuildFile</string>
		</dict>
		<key>0067F49C1BCA37FD006994F5</key>
		<dict>
			<key>fileEncoding</key>
			<string>4</string>
			<key>isa</key>
			<string>PBXFileReference</string>
			<key>lastKnownFileType</key>
			<string>sourcecode.swift</string>
			<key>path</key>
			<string>CelebrityModel.swift</string>
			<key>sourceTree</key>
			<string>&lt;group&gt;</string>
		</dict>
		<key>0067F49D1BCA37FD006994F5</key>
		<dict>
			<key>fileRef</key>
			<string>0067F49C1BCA37FD006994F5</string>
			<key>isa</key>
			<string>PBXBuildFile</string>
		</dict>
		<key>0082B14E1C40F8A900E2A9BC</key>
		<dict>
			<key>fileEncoding</key>
			<string>4</string>
			<key>isa</key>
			<string>PBXFileReference</string>
			<key>lastKnownFileType</key>
			<string>sourcecode.swift</string>
			<key>path</key>
			<string>Reachability.swift</string>
			<key>sourceTree</key>
			<string>&lt;group&gt;</string>
		</dict>
		<key>0082B14F1C40F8A900E2A9BC</key>
		<dict>
			<key>fileRef</key>
			<string>0082B14E1C40F8A900E2A9BC</string>
			<key>isa</key>
			<string>PBXBuildFile</string>
		</dict>
		<key>008488351BCCA44000B11659</key>
		<dict>
			<key>fileEncoding</key>
			<string>4</string>
			<key>isa</key>
			<string>PBXFileReference</string>
			<key>lastKnownFileType</key>
			<string>sourcecode.swift</string>
			<key>path</key>
			<string>ListsModel.swift</string>
			<key>sourceTree</key>
			<string>&lt;group&gt;</string>
		</dict>
		<key>008488361BCCA44000B11659</key>
		<dict>
			<key>fileRef</key>
			<string>008488351BCCA44000B11659</string>
			<key>isa</key>
			<string>PBXBuildFile</string>
		</dict>
		<key>00B404291B4A465200B7627E</key>
		<dict>
			<key>fileEncoding</key>
			<string>4</string>
			<key>isa</key>
			<string>PBXFileReference</string>
			<key>lastKnownFileType</key>
			<string>sourcecode.swift</string>
			<key>path</key>
			<string>RatingsModel.swift</string>
			<key>sourceTree</key>
			<string>&lt;group&gt;</string>
		</dict>
		<key>00B4042A1B4A465200B7627E</key>
		<dict>
			<key>fileRef</key>
			<string>00B404291B4A465200B7627E</string>
			<key>isa</key>
			<string>PBXBuildFile</string>
		</dict>
		<key>00BF75271CA1F8D10061064C</key>
		<dict>
			<key>fileEncoding</key>
			<string>4</string>
			<key>isa</key>
			<string>PBXFileReference</string>
			<key>lastKnownFileType</key>
			<string>sourcecode.swift</string>
			<key>path</key>
			<string>Protocols.swift</string>
			<key>sourceTree</key>
			<string>&lt;group&gt;</string>
		</dict>
		<key>00BF75281CA1F8D10061064C</key>
		<dict>
			<key>fileRef</key>
			<string>00BF75271CA1F8D10061064C</string>
			<key>isa</key>
			<string>PBXBuildFile</string>
		</dict>
		<key>00C347A01C6016A000097089</key>
		<dict>
			<key>fileEncoding</key>
			<string>4</string>
			<key>isa</key>
			<string>PBXFileReference</string>
			<key>lastKnownFileType</key>
			<string>sourcecode.swift</string>
			<key>path</key>
			<string>InfoViewController.swift</string>
			<key>sourceTree</key>
			<string>&lt;group&gt;</string>
		</dict>
		<key>00C347A11C6016A000097089</key>
		<dict>
			<key>fileRef</key>
			<string>00C347A01C6016A000097089</string>
			<key>isa</key>
			<string>PBXBuildFile</string>
		</dict>
		<key>00C347A21C6016B000097089</key>
		<dict>
			<key>fileEncoding</key>
			<string>4</string>
			<key>isa</key>
			<string>PBXFileReference</string>
			<key>lastKnownFileType</key>
			<string>sourcecode.swift</string>
			<key>path</key>
			<string>RatingsViewController.swift</string>
			<key>sourceTree</key>
			<string>&lt;group&gt;</string>
		</dict>
		<key>00C347A31C6016B000097089</key>
		<dict>
			<key>fileRef</key>
			<string>00C347A21C6016B000097089</string>
			<key>isa</key>
			<string>PBXBuildFile</string>
		</dict>
		<key>00C347B01C605CB800097089</key>
		<dict>
			<key>fileEncoding</key>
			<string>4</string>
			<key>isa</key>
			<string>PBXFileReference</string>
			<key>lastKnownFileType</key>
			<string>sourcecode.swift</string>
			<key>name</key>
			<string>SMAlphaImageSegment.swift</string>
			<key>path</key>
			<string>SMSSegment/SMAlphaImageSegment.swift</string>
			<key>sourceTree</key>
			<string>&lt;group&gt;</string>
		</dict>
		<key>00C347B11C605CB800097089</key>
		<dict>
			<key>fileEncoding</key>
			<string>4</string>
			<key>isa</key>
			<string>PBXFileReference</string>
			<key>lastKnownFileType</key>
			<string>sourcecode.swift</string>
			<key>name</key>
			<string>SMBasicSegment.swift</string>
			<key>path</key>
			<string>SMSSegment/SMBasicSegment.swift</string>
			<key>sourceTree</key>
			<string>&lt;group&gt;</string>
		</dict>
		<key>00C347B21C605CB800097089</key>
		<dict>
			<key>fileEncoding</key>
			<string>4</string>
			<key>isa</key>
			<string>PBXFileReference</string>
			<key>lastKnownFileType</key>
			<string>sourcecode.swift</string>
			<key>name</key>
			<string>SMBasicSegmentView.swift</string>
			<key>path</key>
			<string>SMSSegment/SMBasicSegmentView.swift</string>
			<key>sourceTree</key>
			<string>&lt;group&gt;</string>
		</dict>
		<key>00C347B31C605CB800097089</key>
		<dict>
			<key>fileEncoding</key>
			<string>4</string>
			<key>isa</key>
			<string>PBXFileReference</string>
			<key>lastKnownFileType</key>
			<string>sourcecode.swift</string>
			<key>name</key>
			<string>SMSegment.swift</string>
			<key>path</key>
			<string>SMSSegment/SMSegment.swift</string>
			<key>sourceTree</key>
			<string>&lt;group&gt;</string>
		</dict>
		<key>00C347B41C605CB800097089</key>
		<dict>
			<key>fileEncoding</key>
			<string>4</string>
			<key>isa</key>
			<string>PBXFileReference</string>
			<key>lastKnownFileType</key>
			<string>sourcecode.swift</string>
			<key>name</key>
			<string>SMSegmentView.swift</string>
			<key>path</key>
			<string>SMSSegment/SMSegmentView.swift</string>
			<key>sourceTree</key>
			<string>&lt;group&gt;</string>
		</dict>
		<key>00C347B51C605CB800097089</key>
		<dict>
			<key>fileRef</key>
			<string>00C347B01C605CB800097089</string>
			<key>isa</key>
			<string>PBXBuildFile</string>
		</dict>
		<key>00C347B61C605CB800097089</key>
		<dict>
			<key>fileRef</key>
			<string>00C347B11C605CB800097089</string>
			<key>isa</key>
			<string>PBXBuildFile</string>
		</dict>
		<key>00C347B71C605CB800097089</key>
		<dict>
			<key>fileRef</key>
			<string>00C347B21C605CB800097089</string>
			<key>isa</key>
			<string>PBXBuildFile</string>
		</dict>
		<key>00C347B81C605CB800097089</key>
		<dict>
			<key>fileRef</key>
			<string>00C347B31C605CB800097089</string>
			<key>isa</key>
			<string>PBXBuildFile</string>
		</dict>
		<key>00C347B91C605CB800097089</key>
		<dict>
			<key>fileRef</key>
			<string>00C347B41C605CB800097089</string>
			<key>isa</key>
			<string>PBXBuildFile</string>
		</dict>
		<key>00C347BA1C60902E00097089</key>
		<dict>
			<key>fileEncoding</key>
			<string>4</string>
			<key>isa</key>
			<string>PBXFileReference</string>
			<key>lastKnownFileType</key>
			<string>sourcecode.swift</string>
			<key>path</key>
			<string>SettingsViewController.swift</string>
			<key>sourceTree</key>
			<string>&lt;group&gt;</string>
		</dict>
		<key>00C347BB1C60902E00097089</key>
		<dict>
			<key>fileRef</key>
			<string>00C347BA1C60902E00097089</string>
			<key>isa</key>
			<string>PBXBuildFile</string>
		</dict>
		<key>00C347BC1C6097AA00097089</key>
		<dict>
			<key>children</key>
			<array>
				<string>00C347B01C605CB800097089</string>
				<string>00C347B11C605CB800097089</string>
				<string>00C347B21C605CB800097089</string>
				<string>00C347B31C605CB800097089</string>
				<string>00C347B41C605CB800097089</string>
			</array>
			<key>isa</key>
			<string>PBXGroup</string>
			<key>name</key>
			<string>SMSegment</string>
			<key>sourceTree</key>
			<string>&lt;group&gt;</string>
		</dict>
		<key>00C347BF1C61A1BC00097089</key>
		<dict>
			<key>fileEncoding</key>
			<string>4</string>
			<key>isa</key>
			<string>PBXFileReference</string>
			<key>lastKnownFileType</key>
			<string>sourcecode.swift</string>
			<key>path</key>
			<string>UIView+Geometry.swift</string>
			<key>sourceTree</key>
			<string>&lt;group&gt;</string>
		</dict>
		<key>00C347C01C61A1BC00097089</key>
		<dict>
			<key>fileRef</key>
			<string>00C347BF1C61A1BC00097089</string>
			<key>isa</key>
			<string>PBXBuildFile</string>
		</dict>
		<key>00CCFAE21CBF272E002E7E7E</key>
		<dict>
			<key>fileEncoding</key>
			<string>4</string>
			<key>isa</key>
			<string>PBXFileReference</string>
			<key>lastKnownFileType</key>
			<string>sourcecode.swift</string>
			<key>path</key>
			<string>SettingsViewModelTests.swift</string>
			<key>sourceTree</key>
			<string>&lt;group&gt;</string>
		</dict>
		<key>00CCFAE31CBF272E002E7E7E</key>
		<dict>
			<key>fileRef</key>
			<string>00CCFAE21CBF272E002E7E7E</string>
			<key>isa</key>
			<string>PBXBuildFile</string>
		</dict>
		<key>00CCFAE41CBF627A002E7E7E</key>
		<dict>
			<key>fileEncoding</key>
			<string>4</string>
			<key>isa</key>
			<string>PBXFileReference</string>
			<key>lastKnownFileType</key>
			<string>sourcecode.swift</string>
			<key>path</key>
			<string>RatingsViewModelTests.swift</string>
			<key>sourceTree</key>
			<string>&lt;group&gt;</string>
		</dict>
		<key>00CCFAE51CBF627A002E7E7E</key>
		<dict>
			<key>fileRef</key>
			<string>00CCFAE41CBF627A002E7E7E</string>
			<key>isa</key>
			<string>PBXBuildFile</string>
		</dict>
		<key>00CCFAE81CBF710F002E7E7E</key>
		<dict>
			<key>fileEncoding</key>
			<string>4</string>
			<key>isa</key>
			<string>PBXFileReference</string>
			<key>lastKnownFileType</key>
			<string>sourcecode.swift</string>
			<key>path</key>
			<string>CelebrityViewModelTests.swift</string>
			<key>sourceTree</key>
			<string>&lt;group&gt;</string>
		</dict>
		<key>00CCFAE91CBF710F002E7E7E</key>
		<dict>
			<key>fileRef</key>
			<string>00CCFAE81CBF710F002E7E7E</string>
			<key>isa</key>
			<string>PBXBuildFile</string>
		</dict>
		<key>00CCFAEA1CBF79E8002E7E7E</key>
		<dict>
			<key>fileEncoding</key>
			<string>4</string>
			<key>isa</key>
			<string>PBXFileReference</string>
			<key>lastKnownFileType</key>
			<string>sourcecode.swift</string>
			<key>path</key>
			<string>ListViewModelTests.swift</string>
			<key>sourceTree</key>
			<string>&lt;group&gt;</string>
		</dict>
		<key>00CCFAEB1CBF79E8002E7E7E</key>
		<dict>
			<key>fileRef</key>
			<string>00CCFAEA1CBF79E8002E7E7E</string>
			<key>isa</key>
			<string>PBXBuildFile</string>
		</dict>
		<key>00D01BB81BF322CD00EF8D0D</key>
		<dict>
			<key>fileEncoding</key>
			<string>4</string>
			<key>isa</key>
			<string>PBXFileReference</string>
			<key>lastKnownFileType</key>
			<string>sourcecode.swift</string>
			<key>name</key>
			<string>TodayTableViewCell.swift</string>
			<key>path</key>
			<string>../CelScoreWidget/TodayTableViewCell.swift</string>
			<key>sourceTree</key>
			<string>&lt;group&gt;</string>
		</dict>
		<key>00D01BC61BF43AC400EF8D0D</key>
		<dict>
			<key>isa</key>
			<string>PBXFileReference</string>
			<key>lastKnownFileType</key>
			<string>text.xml</string>
			<key>path</key>
			<string>CelebrityScore.entitlements</string>
			<key>sourceTree</key>
			<string>&lt;group&gt;</string>
		</dict>
		<key>00D0BBB01CC4D03C006EE4F4</key>
		<dict>
			<key>isa</key>
			<string>PBXFileReference</string>
			<key>lastKnownFileType</key>
			<string>wrapper.framework</string>
			<key>name</key>
			<string>RealmSwift.framework</string>
			<key>path</key>
			<string>../../Library/Developer/Xcode/DerivedData/CelScore-asgsaqdxnzwcigehbwdgqnfurkps/Build/Products/Debug-iphonesimulator/RealmSwift.framework</string>
			<key>sourceTree</key>
			<string>&lt;group&gt;</string>
		</dict>
		<key>00D0BBB21CC4D04A006EE4F4</key>
		<dict>
			<key>isa</key>
			<string>PBXFileReference</string>
			<key>lastKnownFileType</key>
			<string>wrapper.framework</string>
			<key>name</key>
			<string>AIRTimer.framework</string>
			<key>path</key>
			<string>../../Library/Developer/Xcode/DerivedData/CelScore-asgsaqdxnzwcigehbwdgqnfurkps/Build/Products/Debug-iphonesimulator/AIRTimer.framework</string>
			<key>sourceTree</key>
			<string>&lt;group&gt;</string>
		</dict>
		<key>00D0BBB41CC4D051006EE4F4</key>
		<dict>
			<key>isa</key>
			<string>PBXFileReference</string>
			<key>lastKnownFileType</key>
			<string>wrapper.framework</string>
			<key>name</key>
			<string>ReactiveCocoa.framework</string>
			<key>path</key>
			<string>../../Library/Developer/Xcode/DerivedData/CelScore-asgsaqdxnzwcigehbwdgqnfurkps/Build/Products/Debug-iphonesimulator/ReactiveCocoa.framework</string>
			<key>sourceTree</key>
			<string>&lt;group&gt;</string>
		</dict>
		<key>00D0BBB61CC4D059006EE4F4</key>
		<dict>
			<key>isa</key>
			<string>PBXFileReference</string>
			<key>lastKnownFileType</key>
			<string>wrapper.framework</string>
			<key>name</key>
			<string>SwiftyJSON.framework</string>
			<key>path</key>
			<string>../../Library/Developer/Xcode/DerivedData/CelScore-asgsaqdxnzwcigehbwdgqnfurkps/Build/Products/Debug-iphonesimulator/SwiftyJSON.framework</string>
			<key>sourceTree</key>
			<string>&lt;group&gt;</string>
		</dict>
		<key>00F6C9D21B35393C0078CA6E</key>
		<dict>
			<key>fileEncoding</key>
			<string>4</string>
			<key>isa</key>
			<string>PBXFileReference</string>
			<key>lastKnownFileType</key>
			<string>sourcecode.swift</string>
			<key>path</key>
			<string>ListViewModel.swift</string>
			<key>sourceTree</key>
			<string>&lt;group&gt;</string>
		</dict>
		<key>00F6C9D31B35393C0078CA6E</key>
		<dict>
			<key>fileEncoding</key>
			<string>4</string>
			<key>isa</key>
			<string>PBXFileReference</string>
			<key>lastKnownFileType</key>
			<string>sourcecode.swift</string>
			<key>path</key>
			<string>CelebrityViewModel.swift</string>
			<key>sourceTree</key>
			<string>&lt;group&gt;</string>
		</dict>
		<key>00F6C9D41B35393C0078CA6E</key>
		<dict>
			<key>fileEncoding</key>
			<string>4</string>
			<key>isa</key>
			<string>PBXFileReference</string>
			<key>lastKnownFileType</key>
			<string>sourcecode.swift</string>
			<key>path</key>
			<string>CelScoreViewModel.swift</string>
			<key>sourceTree</key>
			<string>&lt;group&gt;</string>
		</dict>
		<key>00F6C9D51B35393C0078CA6E</key>
		<dict>
			<key>fileEncoding</key>
			<string>4</string>
			<key>isa</key>
			<string>PBXFileReference</string>
			<key>lastKnownFileType</key>
			<string>sourcecode.swift</string>
			<key>path</key>
			<string>RatingsViewModel.swift</string>
			<key>sourceTree</key>
			<string>&lt;group&gt;</string>
		</dict>
		<key>00F6C9D61B35393C0078CA6E</key>
		<dict>
			<key>fileEncoding</key>
			<string>4</string>
			<key>isa</key>
			<string>PBXFileReference</string>
			<key>lastKnownFileType</key>
			<string>sourcecode.swift</string>
			<key>path</key>
			<string>UserViewModel.swift</string>
			<key>sourceTree</key>
			<string>&lt;group&gt;</string>
		</dict>
		<key>00F6C9D71B35393C0078CA6E</key>
		<dict>
			<key>fileRef</key>
			<string>00F6C9D21B35393C0078CA6E</string>
			<key>isa</key>
			<string>PBXBuildFile</string>
		</dict>
		<key>00F6C9D81B35393C0078CA6E</key>
		<dict>
			<key>fileRef</key>
			<string>00F6C9D31B35393C0078CA6E</string>
			<key>isa</key>
			<string>PBXBuildFile</string>
		</dict>
		<key>00F6C9D91B35393C0078CA6E</key>
		<dict>
			<key>fileRef</key>
			<string>00F6C9D41B35393C0078CA6E</string>
			<key>isa</key>
			<string>PBXBuildFile</string>
		</dict>
		<key>00F6C9DA1B35393C0078CA6E</key>
		<dict>
			<key>fileRef</key>
			<string>00F6C9D51B35393C0078CA6E</string>
			<key>isa</key>
			<string>PBXBuildFile</string>
		</dict>
		<key>00F6C9DB1B35393C0078CA6E</key>
		<dict>
			<key>fileRef</key>
			<string>00F6C9D61B35393C0078CA6E</string>
			<key>isa</key>
			<string>PBXBuildFile</string>
		</dict>
		<key>00F6C9DC1B3539480078CA6E</key>
		<dict>
			<key>fileEncoding</key>
			<string>4</string>
			<key>isa</key>
			<string>PBXFileReference</string>
			<key>lastKnownFileType</key>
			<string>sourcecode.swift</string>
			<key>path</key>
			<string>CelebrityTableViewCell.swift</string>
			<key>sourceTree</key>
			<string>&lt;group&gt;</string>
		</dict>
		<key>00F6C9DD1B3539480078CA6E</key>
		<dict>
			<key>fileEncoding</key>
			<string>4</string>
			<key>isa</key>
			<string>PBXFileReference</string>
			<key>lastKnownFileType</key>
			<string>sourcecode.swift</string>
			<key>path</key>
			<string>MasterViewController.swift</string>
			<key>sourceTree</key>
			<string>&lt;group&gt;</string>
		</dict>
		<key>00F6C9DE1B3539480078CA6E</key>
		<dict>
			<key>fileRef</key>
			<string>00F6C9DC1B3539480078CA6E</string>
			<key>isa</key>
			<string>PBXBuildFile</string>
		</dict>
		<key>00F6C9DF1B3539480078CA6E</key>
		<dict>
			<key>fileRef</key>
			<string>00F6C9DD1B3539480078CA6E</string>
			<key>isa</key>
			<string>PBXBuildFile</string>
		</dict>
		<key>00F6C9E11B353A670078CA6E</key>
		<dict>
			<key>isa</key>
			<string>PBXFileReference</string>
			<key>lastKnownFileType</key>
			<string>compiled.mach-o.dylib</string>
			<key>name</key>
			<string>libsqlite3.dylib</string>
			<key>path</key>
			<string>usr/lib/libsqlite3.dylib</string>
			<key>sourceTree</key>
			<string>SDKROOT</string>
		</dict>
		<key>00F6C9E21B353A670078CA6E</key>
		<dict>
			<key>fileRef</key>
			<string>00F6C9E11B353A670078CA6E</string>
			<key>isa</key>
			<string>PBXBuildFile</string>
		</dict>
		<key>00F764811CBE15610012A581</key>
		<dict>
			<key>fileEncoding</key>
			<string>4</string>
			<key>isa</key>
			<string>PBXFileReference</string>
			<key>lastKnownFileType</key>
			<string>sourcecode.swift</string>
			<key>path</key>
			<string>ModelTests.swift</string>
			<key>sourceTree</key>
			<string>&lt;group&gt;</string>
		</dict>
		<key>00F764821CBE15610012A581</key>
		<dict>
			<key>fileRef</key>
			<string>00F764811CBE15610012A581</string>
			<key>isa</key>
			<string>PBXBuildFile</string>
		</dict>
		<key>00F902191C8BC9A0009AD588</key>
		<dict>
			<key>fileEncoding</key>
			<string>4</string>
			<key>isa</key>
			<string>PBXFileReference</string>
			<key>lastKnownFileType</key>
			<string>sourcecode.c.h</string>
			<key>path</key>
			<string>LMGaugeView.h</string>
			<key>sourceTree</key>
			<string>&lt;group&gt;</string>
		</dict>
		<key>00F9021A1C8BC9A0009AD588</key>
		<dict>
			<key>fileEncoding</key>
			<string>4</string>
			<key>isa</key>
			<string>PBXFileReference</string>
			<key>lastKnownFileType</key>
			<string>sourcecode.c.objc</string>
			<key>path</key>
			<string>LMGaugeView.m</string>
			<key>sourceTree</key>
			<string>&lt;group&gt;</string>
		</dict>
		<key>00F9021B1C8BC9A0009AD588</key>
		<dict>
			<key>fileRef</key>
			<string>00F9021A1C8BC9A0009AD588</string>
			<key>isa</key>
			<string>PBXBuildFile</string>
		</dict>
		<key>00FEF1741CACE5C6004141B3</key>
		<dict>
			<key>fileEncoding</key>
			<string>4</string>
			<key>isa</key>
			<string>PBXFileReference</string>
			<key>lastKnownFileType</key>
			<string>sourcecode.c.h</string>
			<key>path</key>
			<string>BECelScoreAPIClient.h</string>
			<key>sourceTree</key>
			<string>&lt;group&gt;</string>
		</dict>
		<key>00FEF1751CACE5C6004141B3</key>
		<dict>
			<key>fileEncoding</key>
			<string>4</string>
			<key>isa</key>
			<string>PBXFileReference</string>
			<key>lastKnownFileType</key>
			<string>sourcecode.c.objc</string>
			<key>path</key>
			<string>BECelScoreAPIClient.m</string>
			<key>sourceTree</key>
			<string>&lt;group&gt;</string>
		</dict>
		<key>00FEF1761CACE5C6004141B3</key>
		<dict>
			<key>fileEncoding</key>
			<string>4</string>
			<key>isa</key>
			<string>PBXFileReference</string>
			<key>lastKnownFileType</key>
			<string>sourcecode.c.h</string>
			<key>path</key>
			<string>BEEmpty.h</string>
			<key>sourceTree</key>
			<string>&lt;group&gt;</string>
		</dict>
		<key>00FEF1771CACE5C6004141B3</key>
		<dict>
			<key>fileEncoding</key>
			<string>4</string>
			<key>isa</key>
			<string>PBXFileReference</string>
			<key>lastKnownFileType</key>
			<string>sourcecode.c.objc</string>
			<key>path</key>
			<string>BEEmpty.m</string>
			<key>sourceTree</key>
			<string>&lt;group&gt;</string>
		</dict>
		<key>00FEF1781CACE5C6004141B3</key>
		<dict>
			<key>fileRef</key>
			<string>00FEF1751CACE5C6004141B3</string>
			<key>isa</key>
			<string>PBXBuildFile</string>
		</dict>
		<key>00FEF1791CACE5C6004141B3</key>
		<dict>
			<key>fileRef</key>
			<string>00FEF1771CACE5C6004141B3</string>
			<key>isa</key>
			<string>PBXBuildFile</string>
		</dict>
		<key>0A9015022509B4E7DEB44BC2</key>
		<dict>
			<key>isa</key>
			<string>PBXFileReference</string>
			<key>lastKnownFileType</key>
			<string>wrapper.framework</string>
			<key>name</key>
			<string>SystemConfiguration.framework</string>
			<key>path</key>
			<string>System/Library/Frameworks/SystemConfiguration.framework</string>
			<key>sourceTree</key>
			<string>SDKROOT</string>
		</dict>
		<key>12A676E560E33A57FA31AA47</key>
		<dict>
			<key>includeInIndex</key>
			<string>1</string>
			<key>isa</key>
			<string>PBXFileReference</string>
			<key>lastKnownFileType</key>
			<string>text.xcconfig</string>
			<key>name</key>
			<string>Pods-TheScore.debug.xcconfig</string>
			<key>path</key>
			<string>Pods/Target Support Files/Pods-TheScore/Pods-TheScore.debug.xcconfig</string>
			<key>sourceTree</key>
			<string>&lt;group&gt;</string>
		</dict>
		<key>149ED5D5ADDF0C0586A1E427</key>
		<dict>
			<key>fileRef</key>
			<string>698A596AF657DCD4235FBE8A</string>
			<key>isa</key>
			<string>PBXBuildFile</string>
		</dict>
		<key>1EBD190DB4A22E16732C9BD5</key>
		<dict>
			<key>includeInIndex</key>
			<string>1</string>
			<key>isa</key>
			<string>PBXFileReference</string>
			<key>lastKnownFileType</key>
			<string>text.xcconfig</string>
			<key>name</key>
			<string>Pods-CelScoreTests.debug.xcconfig</string>
			<key>path</key>
			<string>Pods/Target Support Files/Pods-CelScoreTests/Pods-CelScoreTests.debug.xcconfig</string>
			<key>sourceTree</key>
			<string>&lt;group&gt;</string>
		</dict>
		<key>209DE85F77C0942E9B3DA893</key>
		<dict>
			<key>fileRef</key>
			<string>40972A337CA499E6DBE99FF8</string>
			<key>isa</key>
			<string>PBXBuildFile</string>
		</dict>
		<key>23CF9E4637C70BE18AB06F68</key>
		<dict>
			<key>explicitFileType</key>
			<string>wrapper.framework</string>
			<key>includeInIndex</key>
			<string>0</string>
			<key>isa</key>
			<string>PBXFileReference</string>
			<key>path</key>
			<string>Pods_CelScore.framework</string>
			<key>sourceTree</key>
			<string>BUILT_PRODUCTS_DIR</string>
		</dict>
		<key>272C664E3752319CD2080EBE</key>
		<dict>
			<key>children</key>
			<array>
				<string>00D0BBB61CC4D059006EE4F4</string>
				<string>00D0BBB41CC4D051006EE4F4</string>
				<string>00D0BBB21CC4D04A006EE4F4</string>
				<string>00D0BBB01CC4D03C006EE4F4</string>
				<string>003387A11C631BC3008AB0D8</string>
				<string>00F6C9E11B353A670078CA6E</string>
				<string>8C85D2008FC2F053995BEFFD</string>
				<string>00404A9E1BF093540009AD0E</string>
				<string>23CF9E4637C70BE18AB06F68</string>
				<string>001DD791C72CB7A58C6FC7C4</string>
				<string>DEE0DB09F62B3D0F27896989</string>
				<string>698A596AF657DCD4235FBE8A</string>
				<string>F13E318B24A2B4A86262AE2D</string>
				<string>EE024A13E2984F3710F62FEA</string>
				<string>40972A337CA499E6DBE99FF8</string>
				<string>0A9015022509B4E7DEB44BC2</string>
			</array>
			<key>isa</key>
			<string>PBXGroup</string>
			<key>name</key>
			<string>Frameworks</string>
			<key>sourceTree</key>
			<string>&lt;group&gt;</string>
		</dict>
		<key>27ED3A2FA2A386DB1C839D78</key>
		<dict>
			<key>buildActionMask</key>
			<string>2147483647</string>
			<key>files</key>
			<array/>
			<key>inputPaths</key>
			<array/>
			<key>isa</key>
			<string>PBXShellScriptBuildPhase</string>
			<key>name</key>
			<string>Embed Pods Frameworks</string>
			<key>outputPaths</key>
			<array/>
			<key>runOnlyForDeploymentPostprocessing</key>
			<string>0</string>
			<key>shellPath</key>
			<string>/bin/sh</string>
			<key>shellScript</key>
			<string>"${SRCROOT}/Pods/Target Support Files/Pods-TheScore/Pods-TheScore-frameworks.sh"
</string>
			<key>showEnvVarsInLog</key>
			<string>0</string>
		</dict>
		<key>2AEEFCBE4E6882B9E0EE3D4A</key>
		<dict>
			<key>includeInIndex</key>
			<string>1</string>
			<key>isa</key>
			<string>PBXFileReference</string>
			<key>lastKnownFileType</key>
			<string>text.xcconfig</string>
			<key>name</key>
			<string>Pods-TheScore.release.xcconfig</string>
			<key>path</key>
			<string>Pods/Target Support Files/Pods-TheScore/Pods-TheScore.release.xcconfig</string>
			<key>sourceTree</key>
			<string>&lt;group&gt;</string>
		</dict>
		<key>33E914D31AC0CA7F68927826</key>
		<dict>
			<key>fileRef</key>
			<string>0A9015022509B4E7DEB44BC2</string>
			<key>isa</key>
			<string>PBXBuildFile</string>
		</dict>
		<key>3F2CD2135945CC44687CBF1B</key>
		<dict>
			<key>buildActionMask</key>
			<string>2147483647</string>
			<key>files</key>
			<array/>
			<key>inputPaths</key>
			<array/>
			<key>isa</key>
			<string>PBXShellScriptBuildPhase</string>
			<key>name</key>
			<string>Copy Pods Resources</string>
			<key>outputPaths</key>
			<array/>
			<key>runOnlyForDeploymentPostprocessing</key>
			<string>0</string>
			<key>shellPath</key>
			<string>/bin/sh</string>
			<key>shellScript</key>
			<string>"${SRCROOT}/Pods/Target Support Files/Pods-TheScore/Pods-TheScore-resources.sh"
</string>
			<key>showEnvVarsInLog</key>
			<string>0</string>
		</dict>
		<key>40972A337CA499E6DBE99FF8</key>
		<dict>
			<key>isa</key>
			<string>PBXFileReference</string>
			<key>lastKnownFileType</key>
			<string>wrapper.framework</string>
			<key>name</key>
			<string>CoreTelephony.framework</string>
			<key>path</key>
			<string>System/Library/Frameworks/CoreTelephony.framework</string>
			<key>sourceTree</key>
			<string>SDKROOT</string>
		</dict>
		<key>42802DFD00BABB3057FB5E08</key>
		<dict>
			<key>children</key>
			<array>
				<string>52B916CB192674043364A816</string>
				<string>F5EEBAA7A3EE7704CE99787E</string>
				<string>1EBD190DB4A22E16732C9BD5</string>
				<string>52A514B5A1DE93EA438BFCD8</string>
				<string>12A676E560E33A57FA31AA47</string>
				<string>2AEEFCBE4E6882B9E0EE3D4A</string>
			</array>
			<key>isa</key>
			<string>PBXGroup</string>
			<key>name</key>
			<string>Pods</string>
			<key>sourceTree</key>
			<string>&lt;group&gt;</string>
		</dict>
		<key>511961618702D40D46846D75</key>
		<dict>
			<key>fileRef</key>
			<string>001DD791C72CB7A58C6FC7C4</string>
			<key>isa</key>
			<string>PBXBuildFile</string>
		</dict>
		<key>52A514B5A1DE93EA438BFCD8</key>
		<dict>
			<key>includeInIndex</key>
			<string>1</string>
			<key>isa</key>
			<string>PBXFileReference</string>
			<key>lastKnownFileType</key>
			<string>text.xcconfig</string>
			<key>name</key>
			<string>Pods-CelScoreTests.release.xcconfig</string>
			<key>path</key>
			<string>Pods/Target Support Files/Pods-CelScoreTests/Pods-CelScoreTests.release.xcconfig</string>
			<key>sourceTree</key>
			<string>&lt;group&gt;</string>
		</dict>
		<key>52B916CB192674043364A816</key>
		<dict>
			<key>includeInIndex</key>
			<string>1</string>
			<key>isa</key>
			<string>PBXFileReference</string>
			<key>lastKnownFileType</key>
			<string>text.xcconfig</string>
			<key>name</key>
			<string>Pods-CelScore.debug.xcconfig</string>
			<key>path</key>
			<string>Pods/Target Support Files/Pods-CelScore/Pods-CelScore.debug.xcconfig</string>
			<key>sourceTree</key>
			<string>&lt;group&gt;</string>
		</dict>
		<key>698A596AF657DCD4235FBE8A</key>
		<dict>
			<key>isa</key>
			<string>PBXFileReference</string>
			<key>lastKnownFileType</key>
			<string>wrapper.framework</string>
			<key>name</key>
			<string>BuddyBuildSDK.framework</string>
			<key>path</key>
			<string>BuddyBuildSDK.framework</string>
			<key>sourceTree</key>
			<string>&lt;group&gt;</string>
		</dict>
		<key>6AF3CAA9F17C0518CC20DDAA</key>
		<dict>
			<key>buildActionMask</key>
			<string>2147483647</string>
			<key>files</key>
			<array/>
			<key>inputPaths</key>
			<array/>
			<key>isa</key>
			<string>PBXShellScriptBuildPhase</string>
			<key>name</key>
			<string>Embed Pods Frameworks</string>
			<key>outputPaths</key>
			<array/>
			<key>runOnlyForDeploymentPostprocessing</key>
			<string>0</string>
			<key>shellPath</key>
			<string>/bin/sh</string>
			<key>shellScript</key>
			<string>"${SRCROOT}/Pods/Target Support Files/Pods-CelScore/Pods-CelScore-frameworks.sh"
</string>
			<key>showEnvVarsInLog</key>
			<string>0</string>
		</dict>
		<key>782C63C1BE07C9A3C2C6D732</key>
		<dict>
			<key>buildActionMask</key>
			<string>2147483647</string>
			<key>files</key>
			<array/>
			<key>inputPaths</key>
			<array/>
			<key>isa</key>
			<string>PBXShellScriptBuildPhase</string>
			<key>name</key>
			<string>Copy Pods Resources</string>
			<key>outputPaths</key>
			<array/>
			<key>runOnlyForDeploymentPostprocessing</key>
			<string>0</string>
			<key>shellPath</key>
			<string>/bin/sh</string>
			<key>shellScript</key>
			<string>"${SRCROOT}/Pods/Target Support Files/Pods-CelScoreTests/Pods-CelScoreTests-resources.sh"
</string>
			<key>showEnvVarsInLog</key>
			<string>0</string>
		</dict>
		<key>7B1116A34C716B92E7C2A1C9</key>
		<dict>
			<key>fileRef</key>
			<string>23CF9E4637C70BE18AB06F68</string>
			<key>isa</key>
			<string>PBXBuildFile</string>
		</dict>
		<key>7DFB6B7EAD674D595BB12821</key>
		<dict>
			<key>buildActionMask</key>
			<string>2147483647</string>
			<key>files</key>
			<array/>
			<key>inputPaths</key>
			<array/>
			<key>isa</key>
			<string>PBXShellScriptBuildPhase</string>
			<key>name</key>
			<string>Check Pods Manifest.lock</string>
			<key>outputPaths</key>
			<array/>
			<key>runOnlyForDeploymentPostprocessing</key>
			<string>0</string>
			<key>shellPath</key>
			<string>/bin/sh</string>
			<key>shellScript</key>
			<string>diff "${PODS_ROOT}/../Podfile.lock" "${PODS_ROOT}/Manifest.lock" &gt; /dev/null
if [[ $? != 0 ]] ; then
    cat &lt;&lt; EOM
error: The sandbox is not in sync with the Podfile.lock. Run 'pod install' or update your CocoaPods installation.
EOM
    exit 1
fi
</string>
			<key>showEnvVarsInLog</key>
			<string>0</string>
		</dict>
		<key>7F4FD6FFF520F56EC9FCDEF1</key>
		<dict>
			<key>buildActionMask</key>
			<string>2147483647</string>
			<key>files</key>
			<array/>
			<key>inputPaths</key>
			<array/>
			<key>isa</key>
			<string>PBXShellScriptBuildPhase</string>
			<key>name</key>
			<string>Embed Pods Frameworks</string>
			<key>outputPaths</key>
			<array/>
			<key>runOnlyForDeploymentPostprocessing</key>
			<string>0</string>
			<key>shellPath</key>
			<string>/bin/sh</string>
			<key>shellScript</key>
			<string>"${SRCROOT}/Pods/Target Support Files/Pods-CelScoreTests/Pods-CelScoreTests-frameworks.sh"
</string>
			<key>showEnvVarsInLog</key>
			<string>0</string>
		</dict>
		<key>829CBD816354E223EEE046D3</key>
		<dict>
			<key>buildActionMask</key>
			<string>2147483647</string>
			<key>files</key>
			<array/>
			<key>inputPaths</key>
			<array/>
			<key>isa</key>
			<string>PBXShellScriptBuildPhase</string>
			<key>name</key>
			<string>Check Pods Manifest.lock</string>
			<key>outputPaths</key>
			<array/>
			<key>runOnlyForDeploymentPostprocessing</key>
			<string>0</string>
			<key>shellPath</key>
			<string>/bin/sh</string>
			<key>shellScript</key>
			<string>diff "${PODS_ROOT}/../Podfile.lock" "${PODS_ROOT}/Manifest.lock" &gt; /dev/null
if [[ $? != 0 ]] ; then
    cat &lt;&lt; EOM
error: The sandbox is not in sync with the Podfile.lock. Run 'pod install' or update your CocoaPods installation.
EOM
    exit 1
fi
</string>
			<key>showEnvVarsInLog</key>
			<string>0</string>
		</dict>
		<key>8C85D2008FC2F053995BEFFD</key>
		<dict>
			<key>explicitFileType</key>
			<string>wrapper.framework</string>
			<key>includeInIndex</key>
			<string>0</string>
			<key>isa</key>
			<string>PBXFileReference</string>
			<key>path</key>
			<string>Pods.framework</string>
			<key>sourceTree</key>
			<string>BUILT_PRODUCTS_DIR</string>
		</dict>
		<key>970F93B3001B5F202925E120</key>
		<dict>
			<key>buildActionMask</key>
			<string>2147483647</string>
			<key>files</key>
			<array/>
			<key>inputPaths</key>
			<array/>
			<key>isa</key>
			<string>PBXShellScriptBuildPhase</string>
			<key>name</key>
			<string>Check Pods Manifest.lock</string>
			<key>outputPaths</key>
			<array/>
			<key>runOnlyForDeploymentPostprocessing</key>
			<string>0</string>
			<key>shellPath</key>
			<string>/bin/sh</string>
			<key>shellScript</key>
			<string>diff "${PODS_ROOT}/../Podfile.lock" "${PODS_ROOT}/Manifest.lock" &gt; /dev/null
if [[ $? != 0 ]] ; then
    cat &lt;&lt; EOM
error: The sandbox is not in sync with the Podfile.lock. Run 'pod install' or update your CocoaPods installation.
EOM
    exit 1
fi
</string>
			<key>showEnvVarsInLog</key>
			<string>0</string>
		</dict>
		<key>C9E8DD0B92C41E6C28AAF310</key>
		<dict>
			<key>fileRef</key>
			<string>DEE0DB09F62B3D0F27896989</string>
			<key>isa</key>
			<string>PBXBuildFile</string>
		</dict>
		<key>D37984D0B8A7D592D40CF85F</key>
		<dict>
			<key>buildActionMask</key>
			<string>2147483647</string>
			<key>files</key>
			<array/>
			<key>inputPaths</key>
			<array/>
			<key>isa</key>
			<string>PBXShellScriptBuildPhase</string>
			<key>name</key>
			<string>Copy Pods Resources</string>
			<key>outputPaths</key>
			<array/>
			<key>runOnlyForDeploymentPostprocessing</key>
			<string>0</string>
			<key>shellPath</key>
			<string>/bin/sh</string>
			<key>shellScript</key>
			<string>"${SRCROOT}/Pods/Target Support Files/Pods-CelScore/Pods-CelScore-resources.sh"
</string>
			<key>showEnvVarsInLog</key>
			<string>0</string>
		</dict>
		<key>DEE0DB09F62B3D0F27896989</key>
		<dict>
			<key>explicitFileType</key>
			<string>wrapper.framework</string>
			<key>includeInIndex</key>
			<string>0</string>
			<key>isa</key>
			<string>PBXFileReference</string>
			<key>path</key>
			<string>Pods_TheScore.framework</string>
			<key>sourceTree</key>
			<string>BUILT_PRODUCTS_DIR</string>
		</dict>
		<key>E189D73A71F846D3344DC8EF</key>
		<dict>
			<key>fileRef</key>
			<string>F13E318B24A2B4A86262AE2D</string>
			<key>isa</key>
			<string>PBXBuildFile</string>
		</dict>
		<key>E64E7E62C2B4F35A42F8B152</key>
		<dict>
			<key>fileRef</key>
			<string>EE024A13E2984F3710F62FEA</string>
			<key>isa</key>
			<string>PBXBuildFile</string>
		</dict>
		<key>EE024A13E2984F3710F62FEA</key>
		<dict>
			<key>isa</key>
			<string>PBXFileReference</string>
			<key>lastKnownFileType</key>
			<string>wrapper.framework</string>
			<key>name</key>
			<string>CoreText.framework</string>
			<key>path</key>
			<string>System/Library/Frameworks/CoreText.framework</string>
			<key>sourceTree</key>
			<string>SDKROOT</string>
		</dict>
		<key>F13E318B24A2B4A86262AE2D</key>
		<dict>
			<key>isa</key>
			<string>PBXFileReference</string>
			<key>lastKnownFileType</key>
			<string>wrapper.framework</string>
			<key>name</key>
			<string>AssetsLibrary.framework</string>
			<key>path</key>
			<string>System/Library/Frameworks/AssetsLibrary.framework</string>
			<key>sourceTree</key>
			<string>SDKROOT</string>
		</dict>
		<key>F5EEBAA7A3EE7704CE99787E</key>
		<dict>
			<key>includeInIndex</key>
			<string>1</string>
			<key>isa</key>
			<string>PBXFileReference</string>
			<key>lastKnownFileType</key>
			<string>text.xcconfig</string>
			<key>name</key>
			<string>Pods-CelScore.release.xcconfig</string>
			<key>path</key>
			<string>Pods/Target Support Files/Pods-CelScore/Pods-CelScore.release.xcconfig</string>
			<key>sourceTree</key>
			<string>&lt;group&gt;</string>
		</dict>
	</dict>
	<key>rootObject</key>
	<string>004B56D11B35332A008A75EB</string>
</dict>
</plist>
