// !$*UTF8*$!
{
	archiveVersion = 1;
	classes = {
	};
	objectVersion = 46;
	objects = {

/* Begin PBXBuildFile section */
		001622D21C58AC5F00EEB265 /* CelScoreNode.swift in Sources */ = {isa = PBXBuildFile; fileRef = 001622D11C58AC5F00EEB265 /* CelScoreNode.swift */; };
		001622D41C58ACB000EEB265 /* InfoNode.swift in Sources */ = {isa = PBXBuildFile; fileRef = 001622D31C58ACB000EEB265 /* InfoNode.swift */; };
		001622D61C58ACDA00EEB265 /* RatingsNode.swift in Sources */ = {isa = PBXBuildFile; fileRef = 001622D51C58ACDA00EEB265 /* RatingsNode.swift */; };
		0016DD231C547AC400021202 /* CosmosDistrib.swift in Sources */ = {isa = PBXBuildFile; fileRef = 0016DD221C547AC400021202 /* CosmosDistrib.swift */; };
		0036DD581C01490C000F533F /* RFEnums.swift in Sources */ = {isa = PBXBuildFile; fileRef = 0036DD561C01490C000F533F /* RFEnums.swift */; };
		0036DD591C01490C000F533F /* RFExtensions.swift in Sources */ = {isa = PBXBuildFile; fileRef = 0036DD571C01490C000F533F /* RFExtensions.swift */; };
		0036DD5B1C03A2F2000F533F /* Constants.swift in Sources */ = {isa = PBXBuildFile; fileRef = 0036DD5A1C03A2F2000F533F /* Constants.swift */; };
		0036DD5D1C03FEBE000F533F /* CelebritySearch.swift in Sources */ = {isa = PBXBuildFile; fileRef = 0036DD5C1C03FEBE000F533F /* CelebritySearch.swift */; };
		00404A921BE7E9550009AD0E /* DetailViewController.swift in Sources */ = {isa = PBXBuildFile; fileRef = 00404A911BE7E9550009AD0E /* DetailViewController.swift */; };
		00404A961BEE71300009AD0E /* SettingsModel.swift in Sources */ = {isa = PBXBuildFile; fileRef = 00404A951BEE71300009AD0E /* SettingsModel.swift */; };
		00404A981BEEDB2A0009AD0E /* SettingsViewModel.swift in Sources */ = {isa = PBXBuildFile; fileRef = 00404A971BEEDB2A0009AD0E /* SettingsViewModel.swift */; };
		00404A9F1BF093540009AD0E /* NotificationCenter.framework in Frameworks */ = {isa = PBXBuildFile; fileRef = 00404A9E1BF093540009AD0E /* NotificationCenter.framework */; };
		00404AA21BF093540009AD0E /* TodayViewController.swift in Sources */ = {isa = PBXBuildFile; fileRef = 00404AA11BF093540009AD0E /* TodayViewController.swift */; };
		00404AA51BF093540009AD0E /* MainInterface.storyboard in Resources */ = {isa = PBXBuildFile; fileRef = 00404AA31BF093540009AD0E /* MainInterface.storyboard */; };
		00404AA91BF093540009AD0E /* CelScoreWidget.appex in Embed App Extensions */ = {isa = PBXBuildFile; fileRef = 00404A9D1BF093530009AD0E /* CelScoreWidget.appex */; settings = {ATTRIBUTES = (RemoveHeadersOnCopy, ); }; };
		0044920E1C38FB1000FBCEFE /* CookieModel.swift in Sources */ = {isa = PBXBuildFile; fileRef = 0044920D1C38FB1000FBCEFE /* CookieModel.swift */; };
		004B56DF1B35332A008A75EB /* AppDelegate.swift in Sources */ = {isa = PBXBuildFile; fileRef = 004B56DE1B35332A008A75EB /* AppDelegate.swift */; };
		004B56E61B35332A008A75EB /* Images.xcassets in Resources */ = {isa = PBXBuildFile; fileRef = 004B56E51B35332A008A75EB /* Images.xcassets */; };
		004B56E91B35332A008A75EB /* LaunchScreen.xib in Resources */ = {isa = PBXBuildFile; fileRef = 004B56E71B35332A008A75EB /* LaunchScreen.xib */; };
		004B56F51B35332B008A75EB /* CelScoreTests.swift in Sources */ = {isa = PBXBuildFile; fileRef = 004B56F41B35332B008A75EB /* CelScoreTests.swift */; };
		0063DC411C5720E800D2A242 /* SettingsView.swift in Sources */ = {isa = PBXBuildFile; fileRef = 0063DC401C5720E800D2A242 /* SettingsView.swift */; };
		0067F49D1BCA37FD006994F5 /* CelebrityModel.swift in Sources */ = {isa = PBXBuildFile; fileRef = 0067F49C1BCA37FD006994F5 /* CelebrityModel.swift */; };
		0082B14C1C3B6FFD00E2A9BC /* PROCelScoreAPIClient.m in Sources */ = {isa = PBXBuildFile; fileRef = 0082B1491C3B6FFD00E2A9BC /* PROCelScoreAPIClient.m */; };
		0082B14D1C3B6FFD00E2A9BC /* PROEmpty.m in Sources */ = {isa = PBXBuildFile; fileRef = 0082B14B1C3B6FFD00E2A9BC /* PROEmpty.m */; };
		0082B14F1C40F8A900E2A9BC /* Reachability.swift in Sources */ = {isa = PBXBuildFile; fileRef = 0082B14E1C40F8A900E2A9BC /* Reachability.swift */; };
		008488361BCCA44000B11659 /* ListsModel.swift in Sources */ = {isa = PBXBuildFile; fileRef = 008488351BCCA44000B11659 /* ListsModel.swift */; };
		008EE4C41BE6E38600E831BE /* SearchListViewModel.swift in Sources */ = {isa = PBXBuildFile; fileRef = 008EE4C31BE6E38600E831BE /* SearchListViewModel.swift */; };
		00B4042A1B4A465200B7627E /* RatingsModel.swift in Sources */ = {isa = PBXBuildFile; fileRef = 00B404291B4A465200B7627E /* RatingsModel.swift */; };
		00D01BB91BF322CD00EF8D0D /* TodayTableViewCell.swift in Sources */ = {isa = PBXBuildFile; fileRef = 00D01BB81BF322CD00EF8D0D /* TodayTableViewCell.swift */; };
		00D01BC01BF4048D00EF8D0D /* SettingsViewModel.swift in Sources */ = {isa = PBXBuildFile; fileRef = 00404A971BEEDB2A0009AD0E /* SettingsViewModel.swift */; };
		00D01BC11BF4057B00EF8D0D /* SettingsModel.swift in Sources */ = {isa = PBXBuildFile; fileRef = 00404A951BEE71300009AD0E /* SettingsModel.swift */; };
		00D01BC21BF4057F00EF8D0D /* RatingsModel.swift in Sources */ = {isa = PBXBuildFile; fileRef = 00B404291B4A465200B7627E /* RatingsModel.swift */; };
		00D01BC31BF4058E00EF8D0D /* CelebrityModel.swift in Sources */ = {isa = PBXBuildFile; fileRef = 0067F49C1BCA37FD006994F5 /* CelebrityModel.swift */; };
		00F6C9D71B35393C0078CA6E /* CelebrityListViewModel.swift in Sources */ = {isa = PBXBuildFile; fileRef = 00F6C9D21B35393C0078CA6E /* CelebrityListViewModel.swift */; };
		00F6C9D81B35393C0078CA6E /* CelebrityViewModel.swift in Sources */ = {isa = PBXBuildFile; fileRef = 00F6C9D31B35393C0078CA6E /* CelebrityViewModel.swift */; };
		00F6C9D91B35393C0078CA6E /* CelScoreViewModel.swift in Sources */ = {isa = PBXBuildFile; fileRef = 00F6C9D41B35393C0078CA6E /* CelScoreViewModel.swift */; };
		00F6C9DA1B35393C0078CA6E /* RatingsViewModel.swift in Sources */ = {isa = PBXBuildFile; fileRef = 00F6C9D51B35393C0078CA6E /* RatingsViewModel.swift */; };
		00F6C9DB1B35393C0078CA6E /* UserViewModel.swift in Sources */ = {isa = PBXBuildFile; fileRef = 00F6C9D61B35393C0078CA6E /* UserViewModel.swift */; };
		00F6C9DE1B3539480078CA6E /* CelebrityTableViewCell.swift in Sources */ = {isa = PBXBuildFile; fileRef = 00F6C9DC1B3539480078CA6E /* CelebrityTableViewCell.swift */; };
		00F6C9DF1B3539480078CA6E /* MasterViewController.swift in Sources */ = {isa = PBXBuildFile; fileRef = 00F6C9DD1B3539480078CA6E /* MasterViewController.swift */; };
		00F6C9E21B353A670078CA6E /* libsqlite3.dylib in Frameworks */ = {isa = PBXBuildFile; fileRef = 00F6C9E11B353A670078CA6E /* libsqlite3.dylib */; };
		4E3678CD6B99D4407B061581 /* Pods.framework in Frameworks */ = {isa = PBXBuildFile; fileRef = 8C85D2008FC2F053995BEFFD /* Pods.framework */; };
		8F75F4719B45DBB038FD40D2 /* Pods_CelScoreWidget.framework in Frameworks */ = {isa = PBXBuildFile; fileRef = 0161736B33E560C7C92EDDC0 /* Pods_CelScoreWidget.framework */; };
/* End PBXBuildFile section */

/* Begin PBXContainerItemProxy section */
		00404AA71BF093540009AD0E /* PBXContainerItemProxy */ = {
			isa = PBXContainerItemProxy;
			containerPortal = 004B56D11B35332A008A75EB /* Project object */;
			proxyType = 1;
			remoteGlobalIDString = 00404A9C1BF093530009AD0E;
			remoteInfo = CelScoreWidget;
		};
		004B56EF1B35332B008A75EB /* PBXContainerItemProxy */ = {
			isa = PBXContainerItemProxy;
			containerPortal = 004B56D11B35332A008A75EB /* Project object */;
			proxyType = 1;
			remoteGlobalIDString = 004B56D81B35332A008A75EB;
			remoteInfo = CelScore;
		};
/* End PBXContainerItemProxy section */

/* Begin PBXCopyFilesBuildPhase section */
		00404AAD1BF093540009AD0E /* Embed App Extensions */ = {
			isa = PBXCopyFilesBuildPhase;
			buildActionMask = 2147483647;
			dstPath = "";
			dstSubfolderSpec = 13;
			files = (
				00404AA91BF093540009AD0E /* CelScoreWidget.appex in Embed App Extensions */,
			);
			name = "Embed App Extensions";
			runOnlyForDeploymentPostprocessing = 0;
		};
/* End PBXCopyFilesBuildPhase section */

/* Begin PBXFileReference section */
		001622D11C58AC5F00EEB265 /* CelScoreNode.swift */ = {isa = PBXFileReference; fileEncoding = 4; lastKnownFileType = sourcecode.swift; path = CelScoreNode.swift; sourceTree = "<group>"; };
		001622D31C58ACB000EEB265 /* InfoNode.swift */ = {isa = PBXFileReference; fileEncoding = 4; lastKnownFileType = sourcecode.swift; path = InfoNode.swift; sourceTree = "<group>"; };
		001622D51C58ACDA00EEB265 /* RatingsNode.swift */ = {isa = PBXFileReference; fileEncoding = 4; lastKnownFileType = sourcecode.swift; path = RatingsNode.swift; sourceTree = "<group>"; };
		0016DD221C547AC400021202 /* CosmosDistrib.swift */ = {isa = PBXFileReference; fileEncoding = 4; lastKnownFileType = sourcecode.swift; path = CosmosDistrib.swift; sourceTree = "<group>"; };
		0036DD561C01490C000F533F /* RFEnums.swift */ = {isa = PBXFileReference; fileEncoding = 4; lastKnownFileType = sourcecode.swift; path = RFEnums.swift; sourceTree = "<group>"; };
		0036DD571C01490C000F533F /* RFExtensions.swift */ = {isa = PBXFileReference; fileEncoding = 4; lastKnownFileType = sourcecode.swift; path = RFExtensions.swift; sourceTree = "<group>"; };
		0036DD5A1C03A2F2000F533F /* Constants.swift */ = {isa = PBXFileReference; fileEncoding = 4; lastKnownFileType = sourcecode.swift; path = Constants.swift; sourceTree = "<group>"; };
		0036DD5C1C03FEBE000F533F /* CelebritySearch.swift */ = {isa = PBXFileReference; fileEncoding = 4; lastKnownFileType = sourcecode.swift; path = CelebritySearch.swift; sourceTree = "<group>"; };
		00404A911BE7E9550009AD0E /* DetailViewController.swift */ = {isa = PBXFileReference; fileEncoding = 4; lastKnownFileType = sourcecode.swift; path = DetailViewController.swift; sourceTree = "<group>"; };
		00404A951BEE71300009AD0E /* SettingsModel.swift */ = {isa = PBXFileReference; fileEncoding = 4; lastKnownFileType = sourcecode.swift; path = SettingsModel.swift; sourceTree = "<group>"; };
		00404A971BEEDB2A0009AD0E /* SettingsViewModel.swift */ = {isa = PBXFileReference; fileEncoding = 4; lastKnownFileType = sourcecode.swift; path = SettingsViewModel.swift; sourceTree = "<group>"; };
		00404A9D1BF093530009AD0E /* CelScoreWidget.appex */ = {isa = PBXFileReference; explicitFileType = "wrapper.app-extension"; includeInIndex = 0; path = CelScoreWidget.appex; sourceTree = BUILT_PRODUCTS_DIR; };
		00404A9E1BF093540009AD0E /* NotificationCenter.framework */ = {isa = PBXFileReference; lastKnownFileType = wrapper.framework; name = NotificationCenter.framework; path = System/Library/Frameworks/NotificationCenter.framework; sourceTree = SDKROOT; };
		00404AA11BF093540009AD0E /* TodayViewController.swift */ = {isa = PBXFileReference; lastKnownFileType = sourcecode.swift; path = TodayViewController.swift; sourceTree = "<group>"; };
		00404AA41BF093540009AD0E /* Base */ = {isa = PBXFileReference; lastKnownFileType = file.storyboard; name = Base; path = Base.lproj/MainInterface.storyboard; sourceTree = "<group>"; };
		00404AA61BF093540009AD0E /* Info.plist */ = {isa = PBXFileReference; lastKnownFileType = text.plist.xml; path = Info.plist; sourceTree = "<group>"; };
		0044920D1C38FB1000FBCEFE /* CookieModel.swift */ = {isa = PBXFileReference; fileEncoding = 4; lastKnownFileType = sourcecode.swift; path = CookieModel.swift; sourceTree = "<group>"; };
		004492171C3B272200FBCEFE /* Info.plist */ = {isa = PBXFileReference; fileEncoding = 4; lastKnownFileType = text.plist.xml; path = Info.plist; sourceTree = "<group>"; };
		004492191C3B273800FBCEFE /* Header.h */ = {isa = PBXFileReference; lastKnownFileType = sourcecode.c.h; path = Header.h; sourceTree = "<group>"; };
		004B56D91B35332A008A75EB /* CelebrityScore.app */ = {isa = PBXFileReference; explicitFileType = wrapper.application; includeInIndex = 0; path = CelebrityScore.app; sourceTree = BUILT_PRODUCTS_DIR; };
		004B56DE1B35332A008A75EB /* AppDelegate.swift */ = {isa = PBXFileReference; lastKnownFileType = sourcecode.swift; path = AppDelegate.swift; sourceTree = "<group>"; };
		004B56E51B35332A008A75EB /* Images.xcassets */ = {isa = PBXFileReference; lastKnownFileType = folder.assetcatalog; path = Images.xcassets; sourceTree = "<group>"; };
		004B56E81B35332A008A75EB /* Base */ = {isa = PBXFileReference; lastKnownFileType = file.xib; name = Base; path = Base.lproj/LaunchScreen.xib; sourceTree = "<group>"; };
		004B56EE1B35332B008A75EB /* CelScoreTests.xctest */ = {isa = PBXFileReference; explicitFileType = wrapper.cfbundle; includeInIndex = 0; path = CelScoreTests.xctest; sourceTree = BUILT_PRODUCTS_DIR; };
		004B56F31B35332B008A75EB /* Info.plist */ = {isa = PBXFileReference; lastKnownFileType = text.plist.xml; path = Info.plist; sourceTree = "<group>"; };
		004B56F41B35332B008A75EB /* CelScoreTests.swift */ = {isa = PBXFileReference; lastKnownFileType = sourcecode.swift; path = CelScoreTests.swift; sourceTree = "<group>"; };
		0063DC401C5720E800D2A242 /* SettingsView.swift */ = {isa = PBXFileReference; fileEncoding = 4; lastKnownFileType = sourcecode.swift; path = SettingsView.swift; sourceTree = "<group>"; };
		0067F49C1BCA37FD006994F5 /* CelebrityModel.swift */ = {isa = PBXFileReference; fileEncoding = 4; lastKnownFileType = sourcecode.swift; path = CelebrityModel.swift; sourceTree = "<group>"; };
		0082B1481C3B6FFD00E2A9BC /* PROCelScoreAPIClient.h */ = {isa = PBXFileReference; fileEncoding = 4; lastKnownFileType = sourcecode.c.h; path = PROCelScoreAPIClient.h; sourceTree = "<group>"; };
		0082B1491C3B6FFD00E2A9BC /* PROCelScoreAPIClient.m */ = {isa = PBXFileReference; fileEncoding = 4; lastKnownFileType = sourcecode.c.objc; path = PROCelScoreAPIClient.m; sourceTree = "<group>"; };
		0082B14A1C3B6FFD00E2A9BC /* PROEmpty.h */ = {isa = PBXFileReference; fileEncoding = 4; lastKnownFileType = sourcecode.c.h; path = PROEmpty.h; sourceTree = "<group>"; };
		0082B14B1C3B6FFD00E2A9BC /* PROEmpty.m */ = {isa = PBXFileReference; fileEncoding = 4; lastKnownFileType = sourcecode.c.objc; path = PROEmpty.m; sourceTree = "<group>"; };
		0082B14E1C40F8A900E2A9BC /* Reachability.swift */ = {isa = PBXFileReference; fileEncoding = 4; lastKnownFileType = sourcecode.swift; path = Reachability.swift; sourceTree = "<group>"; };
		008488351BCCA44000B11659 /* ListsModel.swift */ = {isa = PBXFileReference; fileEncoding = 4; lastKnownFileType = sourcecode.swift; path = ListsModel.swift; sourceTree = "<group>"; };
		008EE4C31BE6E38600E831BE /* SearchListViewModel.swift */ = {isa = PBXFileReference; fileEncoding = 4; lastKnownFileType = sourcecode.swift; path = SearchListViewModel.swift; sourceTree = "<group>"; };
		00B404291B4A465200B7627E /* RatingsModel.swift */ = {isa = PBXFileReference; fileEncoding = 4; lastKnownFileType = sourcecode.swift; path = RatingsModel.swift; sourceTree = "<group>"; };
		00D01BB81BF322CD00EF8D0D /* TodayTableViewCell.swift */ = {isa = PBXFileReference; fileEncoding = 4; lastKnownFileType = sourcecode.swift; path = TodayTableViewCell.swift; sourceTree = "<group>"; };
		00D01BC51BF4387C00EF8D0D /* CelScoreWidget.entitlements */ = {isa = PBXFileReference; lastKnownFileType = text.xml; path = CelScoreWidget.entitlements; sourceTree = "<group>"; };
		00D01BC61BF43AC400EF8D0D /* CelebrityScore.entitlements */ = {isa = PBXFileReference; lastKnownFileType = text.xml; path = CelebrityScore.entitlements; sourceTree = "<group>"; };
		00F6C9D21B35393C0078CA6E /* CelebrityListViewModel.swift */ = {isa = PBXFileReference; fileEncoding = 4; lastKnownFileType = sourcecode.swift; path = CelebrityListViewModel.swift; sourceTree = "<group>"; };
		00F6C9D31B35393C0078CA6E /* CelebrityViewModel.swift */ = {isa = PBXFileReference; fileEncoding = 4; lastKnownFileType = sourcecode.swift; path = CelebrityViewModel.swift; sourceTree = "<group>"; };
		00F6C9D41B35393C0078CA6E /* CelScoreViewModel.swift */ = {isa = PBXFileReference; fileEncoding = 4; lastKnownFileType = sourcecode.swift; path = CelScoreViewModel.swift; sourceTree = "<group>"; };
		00F6C9D51B35393C0078CA6E /* RatingsViewModel.swift */ = {isa = PBXFileReference; fileEncoding = 4; lastKnownFileType = sourcecode.swift; path = RatingsViewModel.swift; sourceTree = "<group>"; };
		00F6C9D61B35393C0078CA6E /* UserViewModel.swift */ = {isa = PBXFileReference; fileEncoding = 4; lastKnownFileType = sourcecode.swift; path = UserViewModel.swift; sourceTree = "<group>"; };
		00F6C9DC1B3539480078CA6E /* CelebrityTableViewCell.swift */ = {isa = PBXFileReference; fileEncoding = 4; lastKnownFileType = sourcecode.swift; path = CelebrityTableViewCell.swift; sourceTree = "<group>"; };
		00F6C9DD1B3539480078CA6E /* MasterViewController.swift */ = {isa = PBXFileReference; fileEncoding = 4; lastKnownFileType = sourcecode.swift; path = MasterViewController.swift; sourceTree = "<group>"; };
		00F6C9E11B353A670078CA6E /* libsqlite3.dylib */ = {isa = PBXFileReference; lastKnownFileType = "compiled.mach-o.dylib"; name = libsqlite3.dylib; path = usr/lib/libsqlite3.dylib; sourceTree = SDKROOT; };
		0161736B33E560C7C92EDDC0 /* Pods_CelScoreWidget.framework */ = {isa = PBXFileReference; explicitFileType = wrapper.framework; includeInIndex = 0; path = Pods_CelScoreWidget.framework; sourceTree = BUILT_PRODUCTS_DIR; };
		1E096BDA0A4ABA9D42E0D2E7 /* Pods.debug.xcconfig */ = {isa = PBXFileReference; includeInIndex = 1; lastKnownFileType = text.xcconfig; name = Pods.debug.xcconfig; path = "Pods/Target Support Files/Pods/Pods.debug.xcconfig"; sourceTree = "<group>"; };
		2E5BDBA97F9B261808F389B9 /* Pods-CelScoreWidget.release.xcconfig */ = {isa = PBXFileReference; includeInIndex = 1; lastKnownFileType = text.xcconfig; name = "Pods-CelScoreWidget.release.xcconfig"; path = "Pods/Target Support Files/Pods-CelScoreWidget/Pods-CelScoreWidget.release.xcconfig"; sourceTree = "<group>"; };
		4DDDCCFBBD9D32F44B8B1E8E /* Pods-CelScoreWidget.debug.xcconfig */ = {isa = PBXFileReference; includeInIndex = 1; lastKnownFileType = text.xcconfig; name = "Pods-CelScoreWidget.debug.xcconfig"; path = "Pods/Target Support Files/Pods-CelScoreWidget/Pods-CelScoreWidget.debug.xcconfig"; sourceTree = "<group>"; };
		89E752B78F0CDF6ABBF31FFF /* Pods.release.xcconfig */ = {isa = PBXFileReference; includeInIndex = 1; lastKnownFileType = text.xcconfig; name = Pods.release.xcconfig; path = "Pods/Target Support Files/Pods/Pods.release.xcconfig"; sourceTree = "<group>"; };
		8C85D2008FC2F053995BEFFD /* Pods.framework */ = {isa = PBXFileReference; explicitFileType = wrapper.framework; includeInIndex = 0; path = Pods.framework; sourceTree = BUILT_PRODUCTS_DIR; };
/* End PBXFileReference section */

/* Begin PBXFrameworksBuildPhase section */
		00404A9A1BF093530009AD0E /* Frameworks */ = {
			isa = PBXFrameworksBuildPhase;
			buildActionMask = 2147483647;
			files = (
				00404A9F1BF093540009AD0E /* NotificationCenter.framework in Frameworks */,
				8F75F4719B45DBB038FD40D2 /* Pods_CelScoreWidget.framework in Frameworks */,
			);
			runOnlyForDeploymentPostprocessing = 0;
		};
		004B56D61B35332A008A75EB /* Frameworks */ = {
			isa = PBXFrameworksBuildPhase;
			buildActionMask = 2147483647;
			files = (
				00F6C9E21B353A670078CA6E /* libsqlite3.dylib in Frameworks */,
				4E3678CD6B99D4407B061581 /* Pods.framework in Frameworks */,
			);
			runOnlyForDeploymentPostprocessing = 0;
		};
		004B56EB1B35332B008A75EB /* Frameworks */ = {
			isa = PBXFrameworksBuildPhase;
			buildActionMask = 2147483647;
			files = (
			);
			runOnlyForDeploymentPostprocessing = 0;
		};
/* End PBXFrameworksBuildPhase section */

/* Begin PBXGroup section */
		00404AA01BF093540009AD0E /* CelScoreWidget */ = {
			isa = PBXGroup;
			children = (
				00D01BC51BF4387C00EF8D0D /* CelScoreWidget.entitlements */,
				00404AA11BF093540009AD0E /* TodayViewController.swift */,
				00D01BB81BF322CD00EF8D0D /* TodayTableViewCell.swift */,
				00404AA31BF093540009AD0E /* MainInterface.storyboard */,
				00404AA61BF093540009AD0E /* Info.plist */,
			);
			path = CelScoreWidget;
			sourceTree = "<group>";
		};
		004492161C3B26E000FBCEFE /* Supporting Files */ = {
			isa = PBXGroup;
			children = (
				0082B1481C3B6FFD00E2A9BC /* PROCelScoreAPIClient.h */,
				0082B1491C3B6FFD00E2A9BC /* PROCelScoreAPIClient.m */,
				0082B14A1C3B6FFD00E2A9BC /* PROEmpty.h */,
				0082B14B1C3B6FFD00E2A9BC /* PROEmpty.m */,
				004492171C3B272200FBCEFE /* Info.plist */,
				004492191C3B273800FBCEFE /* Header.h */,
			);
			name = "Supporting Files";
			sourceTree = "<group>";
		};
		004B56D01B35332A008A75EB = {
			isa = PBXGroup;
			children = (
				004B56DB1B35332A008A75EB /* CelScore */,
				004B56F11B35332B008A75EB /* CelScoreTests */,
				00404AA01BF093540009AD0E /* CelScoreWidget */,
				004B56DA1B35332A008A75EB /* Products */,
				55427DAB5E34D67E71A9FA41 /* Pods */,
				272C664E3752319CD2080EBE /* Frameworks */,
			);
			sourceTree = "<group>";
		};
		004B56DA1B35332A008A75EB /* Products */ = {
			isa = PBXGroup;
			children = (
				004B56D91B35332A008A75EB /* CelebrityScore.app */,
				004B56EE1B35332B008A75EB /* CelScoreTests.xctest */,
				00404A9D1BF093530009AD0E /* CelScoreWidget.appex */,
			);
			name = Products;
			sourceTree = "<group>";
		};
		004B56DB1B35332A008A75EB /* CelScore */ = {
			isa = PBXGroup;
			children = (
				00D01BC61BF43AC400EF8D0D /* CelebrityScore.entitlements */,
				004B57011B3533E8008A75EB /* Views */,
				004B57001B3533DF008A75EB /* ViewModels */,
				004B56FF1B3533D8008A75EB /* Models */,
				004B56FE1B3533CE008A75EB /* Utils */,
				004492161C3B26E000FBCEFE /* Supporting Files */,
				004B56DE1B35332A008A75EB /* AppDelegate.swift */,
				004B56E51B35332A008A75EB /* Images.xcassets */,
				004B56E71B35332A008A75EB /* LaunchScreen.xib */,
			);
			path = CelScore;
			sourceTree = "<group>";
		};
		004B56F11B35332B008A75EB /* CelScoreTests */ = {
			isa = PBXGroup;
			children = (
				004B56F41B35332B008A75EB /* CelScoreTests.swift */,
				004B56F21B35332B008A75EB /* Supporting Files */,
			);
			path = CelScoreTests;
			sourceTree = "<group>";
		};
		004B56F21B35332B008A75EB /* Supporting Files */ = {
			isa = PBXGroup;
			children = (
				004B56F31B35332B008A75EB /* Info.plist */,
			);
			name = "Supporting Files";
			sourceTree = "<group>";
		};
		004B56FE1B3533CE008A75EB /* Utils */ = {
			isa = PBXGroup;
			children = (
				0016DD221C547AC400021202 /* CosmosDistrib.swift */,
				0036DD5A1C03A2F2000F533F /* Constants.swift */,
				0036DD561C01490C000F533F /* RFEnums.swift */,
				0036DD571C01490C000F533F /* RFExtensions.swift */,
				0036DD5C1C03FEBE000F533F /* CelebritySearch.swift */,
				0082B14E1C40F8A900E2A9BC /* Reachability.swift */,
			);
			name = Utils;
			sourceTree = "<group>";
		};
		004B56FF1B3533D8008A75EB /* Models */ = {
			isa = PBXGroup;
			children = (
				00B404291B4A465200B7627E /* RatingsModel.swift */,
				0067F49C1BCA37FD006994F5 /* CelebrityModel.swift */,
				008488351BCCA44000B11659 /* ListsModel.swift */,
				00404A951BEE71300009AD0E /* SettingsModel.swift */,
				0044920D1C38FB1000FBCEFE /* CookieModel.swift */,
			);
			name = Models;
			sourceTree = "<group>";
		};
		004B57001B3533DF008A75EB /* ViewModels */ = {
			isa = PBXGroup;
			children = (
				008EE4C31BE6E38600E831BE /* SearchListViewModel.swift */,
				00F6C9D21B35393C0078CA6E /* CelebrityListViewModel.swift */,
				00F6C9D31B35393C0078CA6E /* CelebrityViewModel.swift */,
				00F6C9D41B35393C0078CA6E /* CelScoreViewModel.swift */,
				00F6C9D51B35393C0078CA6E /* RatingsViewModel.swift */,
				00F6C9D61B35393C0078CA6E /* UserViewModel.swift */,
				00404A971BEEDB2A0009AD0E /* SettingsViewModel.swift */,
			);
			name = ViewModels;
			sourceTree = "<group>";
		};
		004B57011B3533E8008A75EB /* Views */ = {
			isa = PBXGroup;
			children = (
				00F6C9DC1B3539480078CA6E /* CelebrityTableViewCell.swift */,
				00F6C9DD1B3539480078CA6E /* MasterViewController.swift */,
				00404A911BE7E9550009AD0E /* DetailViewController.swift */,
				0063DC401C5720E800D2A242 /* SettingsView.swift */,
				001622D11C58AC5F00EEB265 /* CelScoreNode.swift */,
				001622D31C58ACB000EEB265 /* InfoNode.swift */,
				001622D51C58ACDA00EEB265 /* RatingsNode.swift */,
			);
			name = Views;
			sourceTree = "<group>";
		};
		272C664E3752319CD2080EBE /* Frameworks */ = {
			isa = PBXGroup;
			children = (
				00F6C9E11B353A670078CA6E /* libsqlite3.dylib */,
				8C85D2008FC2F053995BEFFD /* Pods.framework */,
				00404A9E1BF093540009AD0E /* NotificationCenter.framework */,
				0161736B33E560C7C92EDDC0 /* Pods_CelScoreWidget.framework */,
			);
			name = Frameworks;
			sourceTree = "<group>";
		};
		55427DAB5E34D67E71A9FA41 /* Pods */ = {
			isa = PBXGroup;
			children = (
				1E096BDA0A4ABA9D42E0D2E7 /* Pods.debug.xcconfig */,
				89E752B78F0CDF6ABBF31FFF /* Pods.release.xcconfig */,
				4DDDCCFBBD9D32F44B8B1E8E /* Pods-CelScoreWidget.debug.xcconfig */,
				2E5BDBA97F9B261808F389B9 /* Pods-CelScoreWidget.release.xcconfig */,
			);
			name = Pods;
			sourceTree = "<group>";
		};
/* End PBXGroup section */

/* Begin PBXNativeTarget section */
		00404A9C1BF093530009AD0E /* CelScoreWidget */ = {
			isa = PBXNativeTarget;
			buildConfigurationList = 00404AAC1BF093540009AD0E /* Build configuration list for PBXNativeTarget "CelScoreWidget" */;
			buildPhases = (
				6ADCE2952048120C9AAB7928 /* Check Pods Manifest.lock */,
				00404A991BF093530009AD0E /* Sources */,
				00404A9A1BF093530009AD0E /* Frameworks */,
				00404A9B1BF093530009AD0E /* Resources */,
				3EE8F9B87BA07C6C6489BEC6 /* Embed Pods Frameworks */,
				3CA812494AFB5A41B8A90DDE /* Copy Pods Resources */,
			);
			buildRules = (
			);
			dependencies = (
			);
			name = CelScoreWidget;
			productName = CelScoreWidget;
			productReference = 00404A9D1BF093530009AD0E /* CelScoreWidget.appex */;
			productType = "com.apple.product-type.app-extension";
		};
		004B56D81B35332A008A75EB /* CelScore */ = {
			isa = PBXNativeTarget;
			buildConfigurationList = 004B56F81B35332B008A75EB /* Build configuration list for PBXNativeTarget "CelScore" */;
			buildPhases = (
				7E3852F6AD0892BB2A6CF6DC /* Check Pods Manifest.lock */,
				004B56D51B35332A008A75EB /* Sources */,
				004B56D61B35332A008A75EB /* Frameworks */,
				004B56D71B35332A008A75EB /* Resources */,
				B634C1794C106DE3BE407397 /* Copy Pods Resources */,
				53CD6D34CAF062CBA7F68E1B /* Embed Pods Frameworks */,
				003FF5C51BD7879D00F7454E /* ShellScript */,
				00404AAD1BF093540009AD0E /* Embed App Extensions */,
			);
			buildRules = (
			);
			dependencies = (
				00404AA81BF093540009AD0E /* PBXTargetDependency */,
			);
			name = CelScore;
			productName = CelScore;
			productReference = 004B56D91B35332A008A75EB /* CelebrityScore.app */;
			productType = "com.apple.product-type.application";
		};
		004B56ED1B35332B008A75EB /* CelScoreTests */ = {
			isa = PBXNativeTarget;
			buildConfigurationList = 004B56FB1B35332B008A75EB /* Build configuration list for PBXNativeTarget "CelScoreTests" */;
			buildPhases = (
				004B56EA1B35332B008A75EB /* Sources */,
				004B56EB1B35332B008A75EB /* Frameworks */,
				004B56EC1B35332B008A75EB /* Resources */,
			);
			buildRules = (
			);
			dependencies = (
				004B56F01B35332B008A75EB /* PBXTargetDependency */,
			);
			name = CelScoreTests;
			productName = CelScoreTests;
			productReference = 004B56EE1B35332B008A75EB /* CelScoreTests.xctest */;
			productType = "com.apple.product-type.bundle.unit-test";
		};
/* End PBXNativeTarget section */

/* Begin PBXProject section */
		004B56D11B35332A008A75EB /* Project object */ = {
			isa = PBXProject;
			attributes = {
				LastSwiftUpdateCheck = 0700;
				LastUpgradeCheck = 0700;
				ORGANIZATIONNAME = Gareth.K.Mensah;
				TargetAttributes = {
					00404A9C1BF093530009AD0E = {
						CreatedOnToolsVersion = 7.0;
						DevelopmentTeam = 6AEA7P6XSJ;
						SystemCapabilities = {
							com.apple.ApplicationGroups.iOS = {
								enabled = 1;
							};
						};
					};
					004B56D81B35332A008A75EB = {
						CreatedOnToolsVersion = 6.3.2;
						DevelopmentTeam = 6AEA7P6XSJ;
						SystemCapabilities = {
							com.apple.ApplicationGroups.iOS = {
								enabled = 1;
							};
						};
					};
					004B56ED1B35332B008A75EB = {
						CreatedOnToolsVersion = 6.3.2;
						TestTargetID = 004B56D81B35332A008A75EB;
					};
				};
			};
			buildConfigurationList = 004B56D41B35332A008A75EB /* Build configuration list for PBXProject "CelScore" */;
			compatibilityVersion = "Xcode 3.2";
			developmentRegion = English;
			hasScannedForEncodings = 0;
			knownRegions = (
				en,
				Base,
			);
			mainGroup = 004B56D01B35332A008A75EB;
			productRefGroup = 004B56DA1B35332A008A75EB /* Products */;
			projectDirPath = "";
			projectRoot = "";
			targets = (
				004B56D81B35332A008A75EB /* CelScore */,
				004B56ED1B35332B008A75EB /* CelScoreTests */,
				00404A9C1BF093530009AD0E /* CelScoreWidget */,
			);
		};
/* End PBXProject section */

/* Begin PBXResourcesBuildPhase section */
		00404A9B1BF093530009AD0E /* Resources */ = {
			isa = PBXResourcesBuildPhase;
			buildActionMask = 2147483647;
			files = (
				00404AA51BF093540009AD0E /* MainInterface.storyboard in Resources */,
			);
			runOnlyForDeploymentPostprocessing = 0;
		};
		004B56D71B35332A008A75EB /* Resources */ = {
			isa = PBXResourcesBuildPhase;
			buildActionMask = 2147483647;
			files = (
				004B56E91B35332A008A75EB /* LaunchScreen.xib in Resources */,
				004B56E61B35332A008A75EB /* Images.xcassets in Resources */,
			);
			runOnlyForDeploymentPostprocessing = 0;
		};
		004B56EC1B35332B008A75EB /* Resources */ = {
			isa = PBXResourcesBuildPhase;
			buildActionMask = 2147483647;
			files = (
			);
			runOnlyForDeploymentPostprocessing = 0;
		};
/* End PBXResourcesBuildPhase section */

/* Begin PBXShellScriptBuildPhase section */
		003FF5C51BD7879D00F7454E /* ShellScript */ = {
			isa = PBXShellScriptBuildPhase;
			buildActionMask = 2147483647;
			files = (
			);
			inputPaths = (
			);
			outputPaths = (
			);
			runOnlyForDeploymentPostprocessing = 0;
			shellPath = /bin/sh;
			shellScript = "\"${PODS_ROOT}/Fabric/run\" e7bc1c87c4ca6b57ab8ff0d9d24d521082934fb4 33cd1f8b9b661fc1d2413a92e0956503e0a5e4933cf9303f97f3ade74033b0f7";
		};
		3CA812494AFB5A41B8A90DDE /* Copy Pods Resources */ = {
			isa = PBXShellScriptBuildPhase;
			buildActionMask = 2147483647;
			files = (
			);
			inputPaths = (
			);
			name = "Copy Pods Resources";
			outputPaths = (
			);
			runOnlyForDeploymentPostprocessing = 0;
			shellPath = /bin/sh;
			shellScript = "\"${SRCROOT}/Pods/Target Support Files/Pods-CelScoreWidget/Pods-CelScoreWidget-resources.sh\"\n";
			showEnvVarsInLog = 0;
		};
		3EE8F9B87BA07C6C6489BEC6 /* Embed Pods Frameworks */ = {
			isa = PBXShellScriptBuildPhase;
			buildActionMask = 2147483647;
			files = (
			);
			inputPaths = (
			);
			name = "Embed Pods Frameworks";
			outputPaths = (
			);
			runOnlyForDeploymentPostprocessing = 0;
			shellPath = /bin/sh;
			shellScript = "\"${SRCROOT}/Pods/Target Support Files/Pods-CelScoreWidget/Pods-CelScoreWidget-frameworks.sh\"\n";
			showEnvVarsInLog = 0;
		};
		53CD6D34CAF062CBA7F68E1B /* Embed Pods Frameworks */ = {
			isa = PBXShellScriptBuildPhase;
			buildActionMask = 2147483647;
			files = (
			);
			inputPaths = (
			);
			name = "Embed Pods Frameworks";
			outputPaths = (
			);
			runOnlyForDeploymentPostprocessing = 0;
			shellPath = /bin/sh;
			shellScript = "\"${SRCROOT}/Pods/Target Support Files/Pods/Pods-frameworks.sh\"\n";
			showEnvVarsInLog = 0;
		};
		6ADCE2952048120C9AAB7928 /* Check Pods Manifest.lock */ = {
			isa = PBXShellScriptBuildPhase;
			buildActionMask = 2147483647;
			files = (
			);
			inputPaths = (
			);
			name = "Check Pods Manifest.lock";
			outputPaths = (
			);
			runOnlyForDeploymentPostprocessing = 0;
			shellPath = /bin/sh;
			shellScript = "diff \"${PODS_ROOT}/../Podfile.lock\" \"${PODS_ROOT}/Manifest.lock\" > /dev/null\nif [[ $? != 0 ]] ; then\n    cat << EOM\nerror: The sandbox is not in sync with the Podfile.lock. Run 'pod install' or update your CocoaPods installation.\nEOM\n    exit 1\nfi\n";
			showEnvVarsInLog = 0;
		};
		7E3852F6AD0892BB2A6CF6DC /* Check Pods Manifest.lock */ = {
			isa = PBXShellScriptBuildPhase;
			buildActionMask = 2147483647;
			files = (
			);
			inputPaths = (
			);
			name = "Check Pods Manifest.lock";
			outputPaths = (
			);
			runOnlyForDeploymentPostprocessing = 0;
			shellPath = /bin/sh;
			shellScript = "diff \"${PODS_ROOT}/../Podfile.lock\" \"${PODS_ROOT}/Manifest.lock\" > /dev/null\nif [[ $? != 0 ]] ; then\n    cat << EOM\nerror: The sandbox is not in sync with the Podfile.lock. Run 'pod install' or update your CocoaPods installation.\nEOM\n    exit 1\nfi\n";
			showEnvVarsInLog = 0;
		};
		B634C1794C106DE3BE407397 /* Copy Pods Resources */ = {
			isa = PBXShellScriptBuildPhase;
			buildActionMask = 2147483647;
			files = (
			);
			inputPaths = (
			);
			name = "Copy Pods Resources";
			outputPaths = (
			);
			runOnlyForDeploymentPostprocessing = 0;
			shellPath = /bin/sh;
			shellScript = "\"${SRCROOT}/Pods/Target Support Files/Pods/Pods-resources.sh\"\n";
			showEnvVarsInLog = 0;
		};
/* End PBXShellScriptBuildPhase section */

/* Begin PBXSourcesBuildPhase section */
		00404A991BF093530009AD0E /* Sources */ = {
			isa = PBXSourcesBuildPhase;
			buildActionMask = 2147483647;
			files = (
				00D01BC11BF4057B00EF8D0D /* SettingsModel.swift in Sources */,
				00D01BC31BF4058E00EF8D0D /* CelebrityModel.swift in Sources */,
				00D01BC21BF4057F00EF8D0D /* RatingsModel.swift in Sources */,
				00404AA21BF093540009AD0E /* TodayViewController.swift in Sources */,
				00D01BB91BF322CD00EF8D0D /* TodayTableViewCell.swift in Sources */,
				00D01BC01BF4048D00EF8D0D /* SettingsViewModel.swift in Sources */,
			);
			runOnlyForDeploymentPostprocessing = 0;
		};
		004B56D51B35332A008A75EB /* Sources */ = {
			isa = PBXSourcesBuildPhase;
			buildActionMask = 2147483647;
			files = (
				0067F49D1BCA37FD006994F5 /* CelebrityModel.swift in Sources */,
				00F6C9DB1B35393C0078CA6E /* UserViewModel.swift in Sources */,
				00404A961BEE71300009AD0E /* SettingsModel.swift in Sources */,
				0016DD231C547AC400021202 /* CosmosDistrib.swift in Sources */,
				00F6C9D81B35393C0078CA6E /* CelebrityViewModel.swift in Sources */,
				00F6C9DA1B35393C0078CA6E /* RatingsViewModel.swift in Sources */,
				00F6C9D71B35393C0078CA6E /* CelebrityListViewModel.swift in Sources */,
				008488361BCCA44000B11659 /* ListsModel.swift in Sources */,
				0036DD5D1C03FEBE000F533F /* CelebritySearch.swift in Sources */,
				00F6C9DE1B3539480078CA6E /* CelebrityTableViewCell.swift in Sources */,
				0036DD581C01490C000F533F /* RFEnums.swift in Sources */,
				0036DD591C01490C000F533F /* RFExtensions.swift in Sources */,
				0036DD5B1C03A2F2000F533F /* Constants.swift in Sources */,
				00F6C9D91B35393C0078CA6E /* CelScoreViewModel.swift in Sources */,
				001622D61C58ACDA00EEB265 /* RatingsNode.swift in Sources */,
				0082B14F1C40F8A900E2A9BC /* Reachability.swift in Sources */,
				0082B14D1C3B6FFD00E2A9BC /* PROEmpty.m in Sources */,
				004B56DF1B35332A008A75EB /* AppDelegate.swift in Sources */,
				008EE4C41BE6E38600E831BE /* SearchListViewModel.swift in Sources */,
				00F6C9DF1B3539480078CA6E /* MasterViewController.swift in Sources */,
				0082B14C1C3B6FFD00E2A9BC /* PROCelScoreAPIClient.m in Sources */,
				0063DC411C5720E800D2A242 /* SettingsView.swift in Sources */,
				001622D41C58ACB000EEB265 /* InfoNode.swift in Sources */,
				0044920E1C38FB1000FBCEFE /* CookieModel.swift in Sources */,
				00404A921BE7E9550009AD0E /* DetailViewController.swift in Sources */,
				00B4042A1B4A465200B7627E /* RatingsModel.swift in Sources */,
				00404A981BEEDB2A0009AD0E /* SettingsViewModel.swift in Sources */,
				001622D21C58AC5F00EEB265 /* CelScoreNode.swift in Sources */,
			);
			runOnlyForDeploymentPostprocessing = 0;
		};
		004B56EA1B35332B008A75EB /* Sources */ = {
			isa = PBXSourcesBuildPhase;
			buildActionMask = 2147483647;
			files = (
				004B56F51B35332B008A75EB /* CelScoreTests.swift in Sources */,
			);
			runOnlyForDeploymentPostprocessing = 0;
		};
/* End PBXSourcesBuildPhase section */

/* Begin PBXTargetDependency section */
		00404AA81BF093540009AD0E /* PBXTargetDependency */ = {
			isa = PBXTargetDependency;
			target = 00404A9C1BF093530009AD0E /* CelScoreWidget */;
			targetProxy = 00404AA71BF093540009AD0E /* PBXContainerItemProxy */;
		};
		004B56F01B35332B008A75EB /* PBXTargetDependency */ = {
			isa = PBXTargetDependency;
			target = 004B56D81B35332A008A75EB /* CelScore */;
			targetProxy = 004B56EF1B35332B008A75EB /* PBXContainerItemProxy */;
		};
/* End PBXTargetDependency section */

/* Begin PBXVariantGroup section */
		00404AA31BF093540009AD0E /* MainInterface.storyboard */ = {
			isa = PBXVariantGroup;
			children = (
				00404AA41BF093540009AD0E /* Base */,
			);
			name = MainInterface.storyboard;
			sourceTree = "<group>";
		};
		004B56E71B35332A008A75EB /* LaunchScreen.xib */ = {
			isa = PBXVariantGroup;
			children = (
				004B56E81B35332A008A75EB /* Base */,
			);
			name = LaunchScreen.xib;
			sourceTree = "<group>";
		};
/* End PBXVariantGroup section */

/* Begin XCBuildConfiguration section */
		00404AAA1BF093540009AD0E /* Debug */ = {
			isa = XCBuildConfiguration;
			baseConfigurationReference = 4DDDCCFBBD9D32F44B8B1E8E /* Pods-CelScoreWidget.debug.xcconfig */;
			buildSettings = {
				CODE_SIGN_ENTITLEMENTS = CelScoreWidget/CelScoreWidget.entitlements;
				CODE_SIGN_IDENTITY = "iPhone Developer";
				"CODE_SIGN_IDENTITY[sdk=iphoneos*]" = "iPhone Developer";
				DEBUG_INFORMATION_FORMAT = dwarf;
				INFOPLIST_FILE = CelScoreWidget/Info.plist;
				IPHONEOS_DEPLOYMENT_TARGET = 9.0;
				LD_RUNPATH_SEARCH_PATHS = "$(inherited) @executable_path/Frameworks @executable_path/../../Frameworks";
				PRODUCT_BUNDLE_IDENTIFIER = com.GreyEcology.CelebrityScore.CelScoreWidget;
				PRODUCT_NAME = "$(TARGET_NAME)";
				PROVISIONING_PROFILE = "";
				SKIP_INSTALL = YES;
				SWIFT_OPTIMIZATION_LEVEL = "-Onone";
			};
			name = Debug;
		};
		00404AAB1BF093540009AD0E /* Release */ = {
			isa = XCBuildConfiguration;
			baseConfigurationReference = 2E5BDBA97F9B261808F389B9 /* Pods-CelScoreWidget.release.xcconfig */;
			buildSettings = {
				CODE_SIGN_ENTITLEMENTS = CelScoreWidget/CelScoreWidget.entitlements;
				CODE_SIGN_IDENTITY = "iPhone Developer";
				"CODE_SIGN_IDENTITY[sdk=iphoneos*]" = "iPhone Developer";
				INFOPLIST_FILE = CelScoreWidget/Info.plist;
				IPHONEOS_DEPLOYMENT_TARGET = 9.0;
				LD_RUNPATH_SEARCH_PATHS = "$(inherited) @executable_path/Frameworks @executable_path/../../Frameworks";
				PRODUCT_BUNDLE_IDENTIFIER = com.GreyEcology.CelebrityScore.CelScoreWidget;
				PRODUCT_NAME = "$(TARGET_NAME)";
				PROVISIONING_PROFILE = "";
				SKIP_INSTALL = YES;
			};
			name = Release;
		};
		004B56F61B35332B008A75EB /* Debug */ = {
			isa = XCBuildConfiguration;
			buildSettings = {
				ALWAYS_SEARCH_USER_PATHS = NO;
				CLANG_ALLOW_NON_MODULAR_INCLUDES_IN_FRAMEWORK_MODULES = NO;
				CLANG_CXX_LANGUAGE_STANDARD = "gnu++0x";
				CLANG_CXX_LIBRARY = "libc++";
				CLANG_ENABLE_MODULES = YES;
				CLANG_ENABLE_OBJC_ARC = YES;
				CLANG_WARN_BOOL_CONVERSION = YES;
				CLANG_WARN_CONSTANT_CONVERSION = YES;
				CLANG_WARN_DIRECT_OBJC_ISA_USAGE = YES_ERROR;
				CLANG_WARN_EMPTY_BODY = YES;
				CLANG_WARN_ENUM_CONVERSION = YES;
				CLANG_WARN_INT_CONVERSION = YES;
				CLANG_WARN_OBJC_ROOT_CLASS = YES_ERROR;
				CLANG_WARN_UNREACHABLE_CODE = YES;
				CLANG_WARN__DUPLICATE_METHOD_MATCH = YES;
				CODE_SIGN_IDENTITY = "iPhone Developer";
				"CODE_SIGN_IDENTITY[sdk=iphoneos*]" = "iPhone Developer";
				COPY_PHASE_STRIP = NO;
				DEBUG_INFORMATION_FORMAT = "dwarf-with-dsym";
				ENABLE_STRICT_OBJC_MSGSEND = YES;
				ENABLE_TESTABILITY = YES;
				GCC_C_LANGUAGE_STANDARD = gnu99;
				GCC_DYNAMIC_NO_PIC = NO;
				GCC_NO_COMMON_BLOCKS = YES;
				GCC_OPTIMIZATION_LEVEL = 0;
				GCC_PREPROCESSOR_DEFINITIONS = (
					"DEBUG=1",
					"$(inherited)",
				);
				GCC_SYMBOLS_PRIVATE_EXTERN = NO;
				GCC_WARN_64_TO_32_BIT_CONVERSION = YES;
				GCC_WARN_ABOUT_RETURN_TYPE = YES_ERROR;
				GCC_WARN_UNDECLARED_SELECTOR = YES;
				GCC_WARN_UNINITIALIZED_AUTOS = YES_AGGRESSIVE;
				GCC_WARN_UNUSED_FUNCTION = YES;
				GCC_WARN_UNUSED_VARIABLE = YES;
				IPHONEOS_DEPLOYMENT_TARGET = 9.0;
				MTL_ENABLE_DEBUG_INFO = YES;
				ONLY_ACTIVE_ARCH = YES;
				PROVISIONING_PROFILE = "";
				SDKROOT = iphoneos;
				SWIFT_OPTIMIZATION_LEVEL = "-Owholemodule";
			};
			name = Debug;
		};
		004B56F71B35332B008A75EB /* Release */ = {
			isa = XCBuildConfiguration;
			buildSettings = {
				ALWAYS_SEARCH_USER_PATHS = NO;
				CLANG_ALLOW_NON_MODULAR_INCLUDES_IN_FRAMEWORK_MODULES = NO;
				CLANG_CXX_LANGUAGE_STANDARD = "gnu++0x";
				CLANG_CXX_LIBRARY = "libc++";
				CLANG_ENABLE_MODULES = YES;
				CLANG_ENABLE_OBJC_ARC = YES;
				CLANG_WARN_BOOL_CONVERSION = YES;
				CLANG_WARN_CONSTANT_CONVERSION = YES;
				CLANG_WARN_DIRECT_OBJC_ISA_USAGE = YES_ERROR;
				CLANG_WARN_EMPTY_BODY = YES;
				CLANG_WARN_ENUM_CONVERSION = YES;
				CLANG_WARN_INT_CONVERSION = YES;
				CLANG_WARN_OBJC_ROOT_CLASS = YES_ERROR;
				CLANG_WARN_UNREACHABLE_CODE = YES;
				CLANG_WARN__DUPLICATE_METHOD_MATCH = YES;
				CODE_SIGN_IDENTITY = "iPhone Developer";
				"CODE_SIGN_IDENTITY[sdk=iphoneos*]" = "iPhone Developer";
				COPY_PHASE_STRIP = NO;
				DEBUG_INFORMATION_FORMAT = "dwarf-with-dsym";
				ENABLE_NS_ASSERTIONS = NO;
				ENABLE_STRICT_OBJC_MSGSEND = YES;
				GCC_C_LANGUAGE_STANDARD = gnu99;
				GCC_NO_COMMON_BLOCKS = YES;
				GCC_WARN_64_TO_32_BIT_CONVERSION = YES;
				GCC_WARN_ABOUT_RETURN_TYPE = YES_ERROR;
				GCC_WARN_UNDECLARED_SELECTOR = YES;
				GCC_WARN_UNINITIALIZED_AUTOS = YES_AGGRESSIVE;
				GCC_WARN_UNUSED_FUNCTION = YES;
				GCC_WARN_UNUSED_VARIABLE = YES;
				IPHONEOS_DEPLOYMENT_TARGET = 9.0;
				MTL_ENABLE_DEBUG_INFO = NO;
				PROVISIONING_PROFILE = "";
				SDKROOT = iphoneos;
				SWIFT_OPTIMIZATION_LEVEL = "-Owholemodule";
				VALIDATE_PRODUCT = YES;
			};
			name = Release;
		};
		004B56F91B35332B008A75EB /* Debug */ = {
			isa = XCBuildConfiguration;
			baseConfigurationReference = 1E096BDA0A4ABA9D42E0D2E7 /* Pods.debug.xcconfig */;
			buildSettings = {
				ASSETCATALOG_COMPILER_APPICON_NAME = AppIcon;
				CLANG_ALLOW_NON_MODULAR_INCLUDES_IN_FRAMEWORK_MODULES = YES;
				CLANG_ENABLE_MODULES = YES;
				CODE_SIGN_ENTITLEMENTS = CelScore/CelebrityScore.entitlements;
				CODE_SIGN_IDENTITY = "iPhone Developer";
				"CODE_SIGN_IDENTITY[sdk=iphoneos*]" = "iPhone Developer";
				EMBEDDED_CONTENT_CONTAINS_SWIFT = "$(inherited)";
				INFOPLIST_FILE = CelScore/Info.plist;
				IPHONEOS_DEPLOYMENT_TARGET = 9.0;
				LD_RUNPATH_SEARCH_PATHS = "$(inherited) @executable_path/Frameworks";
				OTHER_SWIFT_FLAGS = "$(inherited) \"-D\" \"COCOAPODS\"";
				PRODUCT_BUNDLE_IDENTIFIER = "com.GreyEcology.$(PRODUCT_NAME:rfc1034identifier)";
				PRODUCT_NAME = CelebrityScore;
				PROVISIONING_PROFILE = "";
				SWIFT_OBJC_BRIDGING_HEADER = CelScore/Header.h;
				SWIFT_OPTIMIZATION_LEVEL = "-Onone";
			};
			name = Debug;
		};
		004B56FA1B35332B008A75EB /* Release */ = {
			isa = XCBuildConfiguration;
			baseConfigurationReference = 89E752B78F0CDF6ABBF31FFF /* Pods.release.xcconfig */;
			buildSettings = {
				ASSETCATALOG_COMPILER_APPICON_NAME = AppIcon;
				CLANG_ALLOW_NON_MODULAR_INCLUDES_IN_FRAMEWORK_MODULES = YES;
				CLANG_ENABLE_MODULES = YES;
				CODE_SIGN_ENTITLEMENTS = CelScore/CelebrityScore.entitlements;
				CODE_SIGN_IDENTITY = "iPhone Developer";
				"CODE_SIGN_IDENTITY[sdk=iphoneos*]" = "iPhone Developer";
				EMBEDDED_CONTENT_CONTAINS_SWIFT = "$(inherited)";
				INFOPLIST_FILE = CelScore/Info.plist;
				IPHONEOS_DEPLOYMENT_TARGET = 9.0;
				LD_RUNPATH_SEARCH_PATHS = "$(inherited) @executable_path/Frameworks";
				OTHER_SWIFT_FLAGS = "$(inherited) \"-D\" \"COCOAPODS\"";
				PRODUCT_BUNDLE_IDENTIFIER = "com.GreyEcology.$(PRODUCT_NAME:rfc1034identifier)";
				PRODUCT_NAME = CelebrityScore;
				PROVISIONING_PROFILE = "";
				SWIFT_OBJC_BRIDGING_HEADER = CelScore/Header.h;
			};
			name = Release;
		};
		004B56FC1B35332B008A75EB /* Debug */ = {
			isa = XCBuildConfiguration;
			buildSettings = {
				BUNDLE_LOADER = "$(TEST_HOST)";
				CLANG_ALLOW_NON_MODULAR_INCLUDES_IN_FRAMEWORK_MODULES = NO;
				FRAMEWORK_SEARCH_PATHS = (
					"$(SDKROOT)/Developer/Library/Frameworks",
					"$(inherited)",
				);
				GCC_PREPROCESSOR_DEFINITIONS = (
					"DEBUG=1",
					"$(inherited)",
				);
				INFOPLIST_FILE = CelScoreTests/Info.plist;
				LD_RUNPATH_SEARCH_PATHS = "$(inherited) @executable_path/Frameworks @loader_path/Frameworks";
				PRODUCT_BUNDLE_IDENTIFIER = "com.GrandPopo.$(PRODUCT_NAME:rfc1034identifier)";
				PRODUCT_NAME = "$(TARGET_NAME)";
				TEST_HOST = "$(BUILT_PRODUCTS_DIR)/CelScore.app/CelScore";
			};
			name = Debug;
		};
		004B56FD1B35332B008A75EB /* Release */ = {
			isa = XCBuildConfiguration;
			buildSettings = {
				BUNDLE_LOADER = "$(TEST_HOST)";
				CLANG_ALLOW_NON_MODULAR_INCLUDES_IN_FRAMEWORK_MODULES = NO;
				FRAMEWORK_SEARCH_PATHS = (
					"$(SDKROOT)/Developer/Library/Frameworks",
					"$(inherited)",
				);
				INFOPLIST_FILE = CelScoreTests/Info.plist;
				LD_RUNPATH_SEARCH_PATHS = "$(inherited) @executable_path/Frameworks @loader_path/Frameworks";
				PRODUCT_BUNDLE_IDENTIFIER = "com.GrandPopo.$(PRODUCT_NAME:rfc1034identifier)";
				PRODUCT_NAME = "$(TARGET_NAME)";
				TEST_HOST = "$(BUILT_PRODUCTS_DIR)/CelScore.app/CelScore";
			};
			name = Release;
		};
/* End XCBuildConfiguration section */

/* Begin XCConfigurationList section */
		00404AAC1BF093540009AD0E /* Build configuration list for PBXNativeTarget "CelScoreWidget" */ = {
			isa = XCConfigurationList;
			buildConfigurations = (
				00404AAA1BF093540009AD0E /* Debug */,
				00404AAB1BF093540009AD0E /* Release */,
			);
			defaultConfigurationIsVisible = 0;
			defaultConfigurationName = Release;
		};
		004B56D41B35332A008A75EB /* Build configuration list for PBXProject "CelScore" */ = {
			isa = XCConfigurationList;
			buildConfigurations = (
				004B56F61B35332B008A75EB /* Debug */,
				004B56F71B35332B008A75EB /* Release */,
			);
			defaultConfigurationIsVisible = 0;
			defaultConfigurationName = Release;
		};
		004B56F81B35332B008A75EB /* Build configuration list for PBXNativeTarget "CelScore" */ = {
			isa = XCConfigurationList;
			buildConfigurations = (
				004B56F91B35332B008A75EB /* Debug */,
				004B56FA1B35332B008A75EB /* Release */,
			);
			defaultConfigurationIsVisible = 0;
			defaultConfigurationName = Release;
		};
		004B56FB1B35332B008A75EB /* Build configuration list for PBXNativeTarget "CelScoreTests" */ = {
			isa = XCConfigurationList;
			buildConfigurations = (
				004B56FC1B35332B008A75EB /* Debug */,
				004B56FD1B35332B008A75EB /* Release */,
			);
			defaultConfigurationIsVisible = 0;
			defaultConfigurationName = Release;
		};
/* End XCConfigurationList section */
	};
	rootObject = 004B56D11B35332A008A75EB /* Project object */;
}
